// !$*UTF8*$!
{
	archiveVersion = 1;
	classes = {
	};
	objectVersion = 56;
	objects = {

/* Begin PBXBuildFile section */
		B21FBDE72A7586A800891FEE /* MemberViewController.swift in Sources */ = {isa = PBXBuildFile; fileRef = B21FBDE62A7586A800891FEE /* MemberViewController.swift */; };
		B21FBDE92A7586DA00891FEE /* SettingsController.swift in Sources */ = {isa = PBXBuildFile; fileRef = B21FBDE82A7586DA00891FEE /* SettingsController.swift */; };
		B21FBDEB2A758D0A00891FEE /* PlacesViewController.swift in Sources */ = {isa = PBXBuildFile; fileRef = B21FBDEA2A758D0A00891FEE /* PlacesViewController.swift */; };
		B21FBDED2A758F4700891FEE /* MemberViewController.xib in Resources */ = {isa = PBXBuildFile; fileRef = B21FBDEC2A758F4700891FEE /* MemberViewController.xib */; };
		B21FBDF02A75917700891FEE /* LocationViewController.swift in Sources */ = {isa = PBXBuildFile; fileRef = B21FBDEF2A75917700891FEE /* LocationViewController.swift */; };
		B22DC9DC2A705F2C008AA833 /* CustomView.swift in Sources */ = {isa = PBXBuildFile; fileRef = B22DC9DB2A705F2C008AA833 /* CustomView.swift */; };
		B22DC9E02A705FDF008AA833 /* UIViewExtension.swift in Sources */ = {isa = PBXBuildFile; fileRef = B22DC9DF2A705FDF008AA833 /* UIViewExtension.swift */; };
		B25F111F2A72ECDB000C3CDD /* TabBarController.swift in Sources */ = {isa = PBXBuildFile; fileRef = B25F111E2A72ECDB000C3CDD /* TabBarController.swift */; };
		B25F11242A7302FE000C3CDD /* Picker.swift in Sources */ = {isa = PBXBuildFile; fileRef = B25F11232A7302FE000C3CDD /* Picker.swift */; };
		B25F11262A730368000C3CDD /* Picker.xib in Resources */ = {isa = PBXBuildFile; fileRef = B25F11252A730368000C3CDD /* Picker.xib */; };
		B27F6CE12A6E5F2000998EA5 /* AppDelegate.swift in Sources */ = {isa = PBXBuildFile; fileRef = B27F6CE02A6E5F2000998EA5 /* AppDelegate.swift */; };
		B27F6CE32A6E5F2000998EA5 /* SceneDelegate.swift in Sources */ = {isa = PBXBuildFile; fileRef = B27F6CE22A6E5F2000998EA5 /* SceneDelegate.swift */; };
		B27F6CE52A6E5F2000998EA5 /* ViewController.swift in Sources */ = {isa = PBXBuildFile; fileRef = B27F6CE42A6E5F2000998EA5 /* ViewController.swift */; };
		B27F6CE82A6E5F2000998EA5 /* Main.storyboard in Resources */ = {isa = PBXBuildFile; fileRef = B27F6CE62A6E5F2000998EA5 /* Main.storyboard */; };
		B27F6CEA2A6E5F2200998EA5 /* Assets.xcassets in Resources */ = {isa = PBXBuildFile; fileRef = B27F6CE92A6E5F2200998EA5 /* Assets.xcassets */; };
		B27F6CED2A6E5F2200998EA5 /* LaunchScreen.storyboard in Resources */ = {isa = PBXBuildFile; fileRef = B27F6CEB2A6E5F2200998EA5 /* LaunchScreen.storyboard */; };
		B2A4866B2A730CCD00622893 /* CustomView.xib in Resources */ = {isa = PBXBuildFile; fileRef = B2A4866A2A730CCD00622893 /* CustomView.xib */; };
/* End PBXBuildFile section */

/* Begin PBXFileReference section */
		B21FBDE62A7586A800891FEE /* MemberViewController.swift */ = {isa = PBXFileReference; lastKnownFileType = sourcecode.swift; path = MemberViewController.swift; sourceTree = "<group>"; };
		B21FBDE82A7586DA00891FEE /* SettingsController.swift */ = {isa = PBXFileReference; lastKnownFileType = sourcecode.swift; path = SettingsController.swift; sourceTree = "<group>"; };
		B21FBDEA2A758D0A00891FEE /* PlacesViewController.swift */ = {isa = PBXFileReference; lastKnownFileType = sourcecode.swift; path = PlacesViewController.swift; sourceTree = "<group>"; };
		B21FBDEC2A758F4700891FEE /* MemberViewController.xib */ = {isa = PBXFileReference; lastKnownFileType = file.xib; path = MemberViewController.xib; sourceTree = "<group>"; };
		B21FBDEF2A75917700891FEE /* LocationViewController.swift */ = {isa = PBXFileReference; lastKnownFileType = sourcecode.swift; path = LocationViewController.swift; sourceTree = "<group>"; };
		B22DC9DB2A705F2C008AA833 /* CustomView.swift */ = {isa = PBXFileReference; lastKnownFileType = sourcecode.swift; path = CustomView.swift; sourceTree = "<group>"; };
		B22DC9DF2A705FDF008AA833 /* UIViewExtension.swift */ = {isa = PBXFileReference; lastKnownFileType = sourcecode.swift; path = UIViewExtension.swift; sourceTree = "<group>"; };
		B25F111E2A72ECDB000C3CDD /* TabBarController.swift */ = {isa = PBXFileReference; lastKnownFileType = sourcecode.swift; path = TabBarController.swift; sourceTree = "<group>"; };
		B25F11232A7302FE000C3CDD /* Picker.swift */ = {isa = PBXFileReference; lastKnownFileType = sourcecode.swift; path = Picker.swift; sourceTree = "<group>"; };
		B25F11252A730368000C3CDD /* Picker.xib */ = {isa = PBXFileReference; lastKnownFileType = file.xib; path = Picker.xib; sourceTree = "<group>"; };
		B27F6CDD2A6E5F2000998EA5 /* еуые.app */ = {isa = PBXFileReference; explicitFileType = wrapper.application; includeInIndex = 0; path = "еуые.app"; sourceTree = BUILT_PRODUCTS_DIR; };
		B27F6CE02A6E5F2000998EA5 /* AppDelegate.swift */ = {isa = PBXFileReference; lastKnownFileType = sourcecode.swift; path = AppDelegate.swift; sourceTree = "<group>"; };
		B27F6CE22A6E5F2000998EA5 /* SceneDelegate.swift */ = {isa = PBXFileReference; lastKnownFileType = sourcecode.swift; path = SceneDelegate.swift; sourceTree = "<group>"; };
		B27F6CE42A6E5F2000998EA5 /* ViewController.swift */ = {isa = PBXFileReference; lastKnownFileType = sourcecode.swift; path = ViewController.swift; sourceTree = "<group>"; };
		B27F6CE72A6E5F2000998EA5 /* Base */ = {isa = PBXFileReference; lastKnownFileType = file.storyboard; name = Base; path = Base.lproj/Main.storyboard; sourceTree = "<group>"; };
		B27F6CE92A6E5F2200998EA5 /* Assets.xcassets */ = {isa = PBXFileReference; lastKnownFileType = folder.assetcatalog; path = Assets.xcassets; sourceTree = "<group>"; };
		B27F6CEC2A6E5F2200998EA5 /* Base */ = {isa = PBXFileReference; lastKnownFileType = file.storyboard; name = Base; path = Base.lproj/LaunchScreen.storyboard; sourceTree = "<group>"; };
		B27F6CEE2A6E5F2200998EA5 /* Info.plist */ = {isa = PBXFileReference; lastKnownFileType = text.plist.xml; path = Info.plist; sourceTree = "<group>"; };
		B2A4866A2A730CCD00622893 /* CustomView.xib */ = {isa = PBXFileReference; lastKnownFileType = file.xib; path = CustomView.xib; sourceTree = "<group>"; };
/* End PBXFileReference section */

/* Begin PBXFrameworksBuildPhase section */
		B27F6CDA2A6E5F2000998EA5 /* Frameworks */ = {
			isa = PBXFrameworksBuildPhase;
			buildActionMask = 2147483647;
			files = (
			);
			runOnlyForDeploymentPostprocessing = 0;
		};
/* End PBXFrameworksBuildPhase section */

/* Begin PBXGroup section */
		B21FBDEE2A75914A00891FEE /* Location */ = {
			isa = PBXGroup;
			children = (
				B21FBDEF2A75917700891FEE /* LocationViewController.swift */,
			);
			path = Location;
			sourceTree = "<group>";
		};
		B25F11192A72EC2B000C3CDD /* Application */ = {
			isa = PBXGroup;
			children = (
				B27F6CE02A6E5F2000998EA5 /* AppDelegate.swift */,
				B27F6CE22A6E5F2000998EA5 /* SceneDelegate.swift */,
			);
			path = Application;
			sourceTree = "<group>";
		};
		B25F111A2A72EC49000C3CDD /* SupportingsFilles */ = {
			isa = PBXGroup;
			children = (
				B27F6CE92A6E5F2200998EA5 /* Assets.xcassets */,
				B27F6CEB2A6E5F2200998EA5 /* LaunchScreen.storyboard */,
				B27F6CEE2A6E5F2200998EA5 /* Info.plist */,
			);
			path = SupportingsFilles;
			sourceTree = "<group>";
		};
		B25F111B2A72EC81000C3CDD /* VIew */ = {
			isa = PBXGroup;
			children = (
				B21FBDEE2A75914A00891FEE /* Location */,
				B25F11222A7302E5000C3CDD /* Picker */,
				B25F111D2A72ECBB000C3CDD /* TabBar */,
				B25F111C2A72ECA9000C3CDD /* Custom */,
				B27F6CE42A6E5F2000998EA5 /* ViewController.swift */,
				B27F6CE62A6E5F2000998EA5 /* Main.storyboard */,
			);
			path = VIew;
			sourceTree = "<group>";
		};
		B25F111C2A72ECA9000C3CDD /* Custom */ = {
			isa = PBXGroup;
			children = (
				B22DC9DB2A705F2C008AA833 /* CustomView.swift */,
				B22DC9DF2A705FDF008AA833 /* UIViewExtension.swift */,
				B2A4866A2A730CCD00622893 /* CustomView.xib */,
			);
			path = Custom;
			sourceTree = "<group>";
		};
		B25F111D2A72ECBB000C3CDD /* TabBar */ = {
			isa = PBXGroup;
			children = (
				B25F111E2A72ECDB000C3CDD /* TabBarController.swift */,
				B21FBDE62A7586A800891FEE /* MemberViewController.swift */,
				B21FBDE82A7586DA00891FEE /* SettingsController.swift */,
				B21FBDEA2A758D0A00891FEE /* PlacesViewController.swift */,
				B21FBDEC2A758F4700891FEE /* MemberViewController.xib */,
			);
			path = TabBar;
			sourceTree = "<group>";
		};
		B25F11222A7302E5000C3CDD /* Picker */ = {
			isa = PBXGroup;
			children = (
				B25F11232A7302FE000C3CDD /* Picker.swift */,
				B25F11252A730368000C3CDD /* Picker.xib */,
			);
			path = Picker;
			sourceTree = "<group>";
		};
		B27F6CD42A6E5F1F00998EA5 = {
			isa = PBXGroup;
			children = (
				B27F6CDF2A6E5F2000998EA5 /* еуые */,
				B27F6CDE2A6E5F2000998EA5 /* Products */,
			);
			sourceTree = "<group>";
		};
		B27F6CDE2A6E5F2000998EA5 /* Products */ = {
			isa = PBXGroup;
			children = (
				B27F6CDD2A6E5F2000998EA5 /* еуые.app */,
			);
			name = Products;
			sourceTree = "<group>";
		};
		B27F6CDF2A6E5F2000998EA5 /* еуые */ = {
			isa = PBXGroup;
			children = (
				B25F11192A72EC2B000C3CDD /* Application */,
				B25F111B2A72EC81000C3CDD /* VIew */,
				B25F111A2A72EC49000C3CDD /* SupportingsFilles */,
			);
			path = "еуые";
			sourceTree = "<group>";
		};
/* End PBXGroup section */

/* Begin PBXNativeTarget section */
		B27F6CDC2A6E5F2000998EA5 /* еуые */ = {
			isa = PBXNativeTarget;
			buildConfigurationList = B27F6CF12A6E5F2200998EA5 /* Build configuration list for PBXNativeTarget "еуые" */;
			buildPhases = (
				B27F6CD92A6E5F2000998EA5 /* Sources */,
				B27F6CDA2A6E5F2000998EA5 /* Frameworks */,
				B27F6CDB2A6E5F2000998EA5 /* Resources */,
			);
			buildRules = (
			);
			dependencies = (
			);
			name = "еуые";
			productName = "еуые";
			productReference = B27F6CDD2A6E5F2000998EA5 /* еуые.app */;
			productType = "com.apple.product-type.application";
		};
/* End PBXNativeTarget section */

/* Begin PBXProject section */
		B27F6CD52A6E5F1F00998EA5 /* Project object */ = {
			isa = PBXProject;
			attributes = {
				BuildIndependentTargetsInParallel = 1;
				LastSwiftUpdateCheck = 1430;
				LastUpgradeCheck = 1430;
				TargetAttributes = {
					B27F6CDC2A6E5F2000998EA5 = {
						CreatedOnToolsVersion = 14.3.1;
					};
				};
			};
			buildConfigurationList = B27F6CD82A6E5F1F00998EA5 /* Build configuration list for PBXProject "еуые" */;
			compatibilityVersion = "Xcode 14.0";
			developmentRegion = en;
			hasScannedForEncodings = 0;
			knownRegions = (
				en,
				Base,
			);
			mainGroup = B27F6CD42A6E5F1F00998EA5;
			productRefGroup = B27F6CDE2A6E5F2000998EA5 /* Products */;
			projectDirPath = "";
			projectRoot = "";
			targets = (
				B27F6CDC2A6E5F2000998EA5 /* еуые */,
			);
		};
/* End PBXProject section */

/* Begin PBXResourcesBuildPhase section */
		B27F6CDB2A6E5F2000998EA5 /* Resources */ = {
			isa = PBXResourcesBuildPhase;
			buildActionMask = 2147483647;
			files = (
				B27F6CED2A6E5F2200998EA5 /* LaunchScreen.storyboard in Resources */,
				B25F11262A730368000C3CDD /* Picker.xib in Resources */,
				B21FBDED2A758F4700891FEE /* MemberViewController.xib in Resources */,
				B27F6CEA2A6E5F2200998EA5 /* Assets.xcassets in Resources */,
				B27F6CE82A6E5F2000998EA5 /* Main.storyboard in Resources */,
				B2A4866B2A730CCD00622893 /* CustomView.xib in Resources */,
			);
			runOnlyForDeploymentPostprocessing = 0;
		};
/* End PBXResourcesBuildPhase section */

/* Begin PBXSourcesBuildPhase section */
		B27F6CD92A6E5F2000998EA5 /* Sources */ = {
			isa = PBXSourcesBuildPhase;
			buildActionMask = 2147483647;
			files = (
				B21FBDE92A7586DA00891FEE /* SettingsController.swift in Sources */,
				B22DC9E02A705FDF008AA833 /* UIViewExtension.swift in Sources */,
				B21FBDEB2A758D0A00891FEE /* PlacesViewController.swift in Sources */,
				B27F6CE52A6E5F2000998EA5 /* ViewController.swift in Sources */,
				B25F11242A7302FE000C3CDD /* Picker.swift in Sources */,
				B21FBDF02A75917700891FEE /* LocationViewController.swift in Sources */,
				B22DC9DC2A705F2C008AA833 /* CustomView.swift in Sources */,
				B21FBDE72A7586A800891FEE /* MemberViewController.swift in Sources */,
				B25F111F2A72ECDB000C3CDD /* TabBarController.swift in Sources */,
				B27F6CE12A6E5F2000998EA5 /* AppDelegate.swift in Sources */,
				B27F6CE32A6E5F2000998EA5 /* SceneDelegate.swift in Sources */,
			);
			runOnlyForDeploymentPostprocessing = 0;
		};
/* End PBXSourcesBuildPhase section */

/* Begin PBXVariantGroup section */
		B27F6CE62A6E5F2000998EA5 /* Main.storyboard */ = {
			isa = PBXVariantGroup;
			children = (
				B27F6CE72A6E5F2000998EA5 /* Base */,
			);
			name = Main.storyboard;
			sourceTree = "<group>";
		};
		B27F6CEB2A6E5F2200998EA5 /* LaunchScreen.storyboard */ = {
			isa = PBXVariantGroup;
			children = (
				B27F6CEC2A6E5F2200998EA5 /* Base */,
			);
			name = LaunchScreen.storyboard;
			sourceTree = "<group>";
		};
/* End PBXVariantGroup section */

/* Begin XCBuildConfiguration section */
		B27F6CEF2A6E5F2200998EA5 /* Debug */ = {
			isa = XCBuildConfiguration;
			buildSettings = {
				ALWAYS_SEARCH_USER_PATHS = NO;
				CLANG_ANALYZER_NONNULL = YES;
				CLANG_ANALYZER_NUMBER_OBJECT_CONVERSION = YES_AGGRESSIVE;
				CLANG_CXX_LANGUAGE_STANDARD = "gnu++20";
				CLANG_ENABLE_MODULES = YES;
				CLANG_ENABLE_OBJC_ARC = YES;
				CLANG_ENABLE_OBJC_WEAK = YES;
				CLANG_WARN_BLOCK_CAPTURE_AUTORELEASING = YES;
				CLANG_WARN_BOOL_CONVERSION = YES;
				CLANG_WARN_COMMA = YES;
				CLANG_WARN_CONSTANT_CONVERSION = YES;
				CLANG_WARN_DEPRECATED_OBJC_IMPLEMENTATIONS = YES;
				CLANG_WARN_DIRECT_OBJC_ISA_USAGE = YES_ERROR;
				CLANG_WARN_DOCUMENTATION_COMMENTS = YES;
				CLANG_WARN_EMPTY_BODY = YES;
				CLANG_WARN_ENUM_CONVERSION = YES;
				CLANG_WARN_INFINITE_RECURSION = YES;
				CLANG_WARN_INT_CONVERSION = YES;
				CLANG_WARN_NON_LITERAL_NULL_CONVERSION = YES;
				CLANG_WARN_OBJC_IMPLICIT_RETAIN_SELF = YES;
				CLANG_WARN_OBJC_LITERAL_CONVERSION = YES;
				CLANG_WARN_OBJC_ROOT_CLASS = YES_ERROR;
				CLANG_WARN_QUOTED_INCLUDE_IN_FRAMEWORK_HEADER = YES;
				CLANG_WARN_RANGE_LOOP_ANALYSIS = YES;
				CLANG_WARN_STRICT_PROTOTYPES = YES;
				CLANG_WARN_SUSPICIOUS_MOVE = YES;
				CLANG_WARN_UNGUARDED_AVAILABILITY = YES_AGGRESSIVE;
				CLANG_WARN_UNREACHABLE_CODE = YES;
				CLANG_WARN__DUPLICATE_METHOD_MATCH = YES;
				COPY_PHASE_STRIP = NO;
				DEBUG_INFORMATION_FORMAT = dwarf;
				ENABLE_STRICT_OBJC_MSGSEND = YES;
				ENABLE_TESTABILITY = YES;
				GCC_C_LANGUAGE_STANDARD = gnu11;
				GCC_DYNAMIC_NO_PIC = NO;
				GCC_NO_COMMON_BLOCKS = YES;
				GCC_OPTIMIZATION_LEVEL = 0;
				GCC_PREPROCESSOR_DEFINITIONS = (
					"DEBUG=1",
					"$(inherited)",
				);
				GCC_WARN_64_TO_32_BIT_CONVERSION = YES;
				GCC_WARN_ABOUT_RETURN_TYPE = YES_ERROR;
				GCC_WARN_UNDECLARED_SELECTOR = YES;
				GCC_WARN_UNINITIALIZED_AUTOS = YES_AGGRESSIVE;
				GCC_WARN_UNUSED_FUNCTION = YES;
				GCC_WARN_UNUSED_VARIABLE = YES;
				IPHONEOS_DEPLOYMENT_TARGET = 16.4;
				MTL_ENABLE_DEBUG_INFO = INCLUDE_SOURCE;
				MTL_FAST_MATH = YES;
				ONLY_ACTIVE_ARCH = YES;
				SDKROOT = iphoneos;
				SWIFT_ACTIVE_COMPILATION_CONDITIONS = DEBUG;
				SWIFT_OPTIMIZATION_LEVEL = "-Onone";
			};
			name = Debug;
		};
		B27F6CF02A6E5F2200998EA5 /* Release */ = {
			isa = XCBuildConfiguration;
			buildSettings = {
				ALWAYS_SEARCH_USER_PATHS = NO;
				CLANG_ANALYZER_NONNULL = YES;
				CLANG_ANALYZER_NUMBER_OBJECT_CONVERSION = YES_AGGRESSIVE;
				CLANG_CXX_LANGUAGE_STANDARD = "gnu++20";
				CLANG_ENABLE_MODULES = YES;
				CLANG_ENABLE_OBJC_ARC = YES;
				CLANG_ENABLE_OBJC_WEAK = YES;
				CLANG_WARN_BLOCK_CAPTURE_AUTORELEASING = YES;
				CLANG_WARN_BOOL_CONVERSION = YES;
				CLANG_WARN_COMMA = YES;
				CLANG_WARN_CONSTANT_CONVERSION = YES;
				CLANG_WARN_DEPRECATED_OBJC_IMPLEMENTATIONS = YES;
				CLANG_WARN_DIRECT_OBJC_ISA_USAGE = YES_ERROR;
				CLANG_WARN_DOCUMENTATION_COMMENTS = YES;
				CLANG_WARN_EMPTY_BODY = YES;
				CLANG_WARN_ENUM_CONVERSION = YES;
				CLANG_WARN_INFINITE_RECURSION = YES;
				CLANG_WARN_INT_CONVERSION = YES;
				CLANG_WARN_NON_LITERAL_NULL_CONVERSION = YES;
				CLANG_WARN_OBJC_IMPLICIT_RETAIN_SELF = YES;
				CLANG_WARN_OBJC_LITERAL_CONVERSION = YES;
				CLANG_WARN_OBJC_ROOT_CLASS = YES_ERROR;
				CLANG_WARN_QUOTED_INCLUDE_IN_FRAMEWORK_HEADER = YES;
				CLANG_WARN_RANGE_LOOP_ANALYSIS = YES;
				CLANG_WARN_STRICT_PROTOTYPES = YES;
				CLANG_WARN_SUSPICIOUS_MOVE = YES;
				CLANG_WARN_UNGUARDED_AVAILABILITY = YES_AGGRESSIVE;
				CLANG_WARN_UNREACHABLE_CODE = YES;
				CLANG_WARN__DUPLICATE_METHOD_MATCH = YES;
				COPY_PHASE_STRIP = NO;
				DEBUG_INFORMATION_FORMAT = "dwarf-with-dsym";
				ENABLE_NS_ASSERTIONS = NO;
				ENABLE_STRICT_OBJC_MSGSEND = YES;
				GCC_C_LANGUAGE_STANDARD = gnu11;
				GCC_NO_COMMON_BLOCKS = YES;
				GCC_WARN_64_TO_32_BIT_CONVERSION = YES;
				GCC_WARN_ABOUT_RETURN_TYPE = YES_ERROR;
				GCC_WARN_UNDECLARED_SELECTOR = YES;
				GCC_WARN_UNINITIALIZED_AUTOS = YES_AGGRESSIVE;
				GCC_WARN_UNUSED_FUNCTION = YES;
				GCC_WARN_UNUSED_VARIABLE = YES;
				IPHONEOS_DEPLOYMENT_TARGET = 16.4;
				MTL_ENABLE_DEBUG_INFO = NO;
				MTL_FAST_MATH = YES;
				SDKROOT = iphoneos;
				SWIFT_COMPILATION_MODE = wholemodule;
				SWIFT_OPTIMIZATION_LEVEL = "-O";
				VALIDATE_PRODUCT = YES;
			};
			name = Release;
		};
		B27F6CF22A6E5F2200998EA5 /* Debug */ = {
			isa = XCBuildConfiguration;
			buildSettings = {
				ASSETCATALOG_COMPILER_APPICON_NAME = AppIcon;
				ASSETCATALOG_COMPILER_GLOBAL_ACCENT_COLOR_NAME = AccentColor;
				CODE_SIGN_STYLE = Automatic;
				CURRENT_PROJECT_VERSION = 1;
				DEVELOPMENT_TEAM = LUQ926BAHR;
				GENERATE_INFOPLIST_FILE = YES;
				INFOPLIST_FILE = "еуые/SupportingsFilles/Info.plist";
				INFOPLIST_KEY_NSLocationWhenInUseUsageDescription = "Для предоставления вам информации о местоположении в реальном времени мы запрашиваем доступ к вашей геопозиции.";
				INFOPLIST_KEY_UIApplicationSupportsIndirectInputEvents = YES;
				INFOPLIST_KEY_UILaunchStoryboardName = LaunchScreen;
				INFOPLIST_KEY_UIMainStoryboardFile = Main;
				INFOPLIST_KEY_UISupportedInterfaceOrientations_iPad = "UIInterfaceOrientationPortrait UIInterfaceOrientationPortraitUpsideDown UIInterfaceOrientationLandscapeLeft UIInterfaceOrientationLandscapeRight";
				INFOPLIST_KEY_UISupportedInterfaceOrientations_iPhone = "UIInterfaceOrientationPortrait UIInterfaceOrientationLandscapeLeft UIInterfaceOrientationLandscapeRight";
				IPHONEOS_DEPLOYMENT_TARGET = 15.6;
				LD_RUNPATH_SEARCH_PATHS = (
					"$(inherited)",
					"@executable_path/Frameworks",
				);
				MARKETING_VERSION = 1.0;
				PRODUCT_BUNDLE_IDENTIFIER = "vladShima.----";
				PRODUCT_NAME = "$(TARGET_NAME)";
				SWIFT_EMIT_LOC_STRINGS = YES;
				SWIFT_VERSION = 5.0;
				TARGETED_DEVICE_FAMILY = "1,2";
			};
			name = Debug;
		};
		B27F6CF32A6E5F2200998EA5 /* Release */ = {
			isa = XCBuildConfiguration;
			buildSettings = {
				ASSETCATALOG_COMPILER_APPICON_NAME = AppIcon;
				ASSETCATALOG_COMPILER_GLOBAL_ACCENT_COLOR_NAME = AccentColor;
				CODE_SIGN_STYLE = Automatic;
				CURRENT_PROJECT_VERSION = 1;
				DEVELOPMENT_TEAM = LUQ926BAHR;
				GENERATE_INFOPLIST_FILE = YES;
				INFOPLIST_FILE = "еуые/SupportingsFilles/Info.plist";
				INFOPLIST_KEY_NSLocationWhenInUseUsageDescription = "Для предоставления вам информации о местоположении в реальном времени мы запрашиваем доступ к вашей геопозиции.";
				INFOPLIST_KEY_UIApplicationSupportsIndirectInputEvents = YES;
				INFOPLIST_KEY_UILaunchStoryboardName = LaunchScreen;
				INFOPLIST_KEY_UIMainStoryboardFile = Main;
				INFOPLIST_KEY_UISupportedInterfaceOrientations_iPad = "UIInterfaceOrientationPortrait UIInterfaceOrientationPortraitUpsideDown UIInterfaceOrientationLandscapeLeft UIInterfaceOrientationLandscapeRight";
				INFOPLIST_KEY_UISupportedInterfaceOrientations_iPhone = "UIInterfaceOrientationPortrait UIInterfaceOrientationLandscapeLeft UIInterfaceOrientationLandscapeRight";
				IPHONEOS_DEPLOYMENT_TARGET = 15.6;
				LD_RUNPATH_SEARCH_PATHS = (
					"$(inherited)",
					"@executable_path/Frameworks",
				);
				MARKETING_VERSION = 1.0;
				PRODUCT_BUNDLE_IDENTIFIER = "vladShima.----";
				PRODUCT_NAME = "$(TARGET_NAME)";
				SWIFT_EMIT_LOC_STRINGS = YES;
				SWIFT_VERSION = 5.0;
				TARGETED_DEVICE_FAMILY = "1,2";
			};
			name = Release;
		};
/* End XCBuildConfiguration section */

/* Begin XCConfigurationList section */
		B27F6CD82A6E5F1F00998EA5 /* Build configuration list for PBXProject "еуые" */ = {
			isa = XCConfigurationList;
			buildConfigurations = (
				B27F6CEF2A6E5F2200998EA5 /* Debug */,
				B27F6CF02A6E5F2200998EA5 /* Release */,
			);
			defaultConfigurationIsVisible = 0;
			defaultConfigurationName = Release;
		};
		B27F6CF12A6E5F2200998EA5 /* Build configuration list for PBXNativeTarget "еуые" */ = {
			isa = XCConfigurationList;
			buildConfigurations = (
				B27F6CF22A6E5F2200998EA5 /* Debug */,
				B27F6CF32A6E5F2200998EA5 /* Release */,
			);
			defaultConfigurationIsVisible = 0;
			defaultConfigurationName = Release;
		};
/* End XCConfigurationList section */
	};
	rootObject = B27F6CD52A6E5F1F00998EA5 /* Project object */;
}
