// !$*UTF8*$!
{
	archiveVersion = 1;
	classes = {
	};
	objectVersion = 56;
	objects = {

/* Begin PBXBuildFile section */
		B204EF6729E7363B00BD0E15 /* WeekView.swift in Sources */ = {isa = PBXBuildFile; fileRef = B204EF6629E7363B00BD0E15 /* WeekView.swift */; };
		B204EF6929E7385300BD0E15 /* WeekDayView.swift in Sources */ = {isa = PBXBuildFile; fileRef = B204EF6829E7385300BD0E15 /* WeekDayView.swift */; };
		B204EF6B29E73CEA00BD0E15 /* Date + ext.swift in Sources */ = {isa = PBXBuildFile; fileRef = B204EF6A29E73CEA00BD0E15 /* Date + ext.swift */; };
		B2167BFB29E5DDD100D9CA0F /* WAButton.swift in Sources */ = {isa = PBXBuildFile; fileRef = B2167BFA29E5DDD100D9CA0F /* WAButton.swift */; };
		B21CACD429F2EABF00A49949 /* WABaseInfoView.swift in Sources */ = {isa = PBXBuildFile; fileRef = B21CACD329F2EABF00A49949 /* WABaseInfoView.swift */; };
		B229DC4B2A0B78E200AC608C /* SectionHeaderView.swift in Sources */ = {isa = PBXBuildFile; fileRef = B229DC4A2A0B78E200AC608C /* SectionHeaderView.swift */; };
		B229DC4D2A0C1B9800AC608C /* TrainingCellView.swift in Sources */ = {isa = PBXBuildFile; fileRef = B229DC4C2A0C1B9800AC608C /* TrainingCellView.swift */; };
		B230503729E4749F00D1CA4A /* BaseController.swift in Sources */ = {isa = PBXBuildFile; fileRef = B230503629E4749F00D1CA4A /* BaseController.swift */; };
		B230503929E4771F00D1CA4A /* UIView.swift in Sources */ = {isa = PBXBuildFile; fileRef = B230503829E4771F00D1CA4A /* UIView.swift */; };
		B230504029E47AB400D1CA4A /* SessionController.swift in Sources */ = {isa = PBXBuildFile; fileRef = B230503F29E47AB400D1CA4A /* SessionController.swift */; };
		B230504229E47AC500D1CA4A /* ProgressController.swift in Sources */ = {isa = PBXBuildFile; fileRef = B230504129E47AC500D1CA4A /* ProgressController.swift */; };
		B230504429E47ADD00D1CA4A /* SettingsController.swift in Sources */ = {isa = PBXBuildFile; fileRef = B230504329E47ADD00D1CA4A /* SettingsController.swift */; };
		B242017229F4477F002EB259 /* TimerView.swift in Sources */ = {isa = PBXBuildFile; fileRef = B242017129F4477F002EB259 /* TimerView.swift */; };
		B242017529F448AD002EB259 /* ProgressView.swift in Sources */ = {isa = PBXBuildFile; fileRef = B242017429F448AD002EB259 /* ProgressView.swift */; };
		B259814C29B8636600A18A9A /* UIColor.swift in Sources */ = {isa = PBXBuildFile; fileRef = B259814B29B8636600A18A9A /* UIColor.swift */; };
		B259814E29B8643900A18A9A /* R.swift in Sources */ = {isa = PBXBuildFile; fileRef = B259814D29B8643900A18A9A /* R.swift */; };
		B264647529B7BB6E00AA7F5D /* AppDelegate.swift in Sources */ = {isa = PBXBuildFile; fileRef = B264647429B7BB6E00AA7F5D /* AppDelegate.swift */; };
		B264647729B7BB6E00AA7F5D /* SceneDelegate.swift in Sources */ = {isa = PBXBuildFile; fileRef = B264647629B7BB6E00AA7F5D /* SceneDelegate.swift */; };
		B264647929B7BB6E00AA7F5D /* OverviewController.swift in Sources */ = {isa = PBXBuildFile; fileRef = B264647829B7BB6E00AA7F5D /* OverviewController.swift */; };
		B264647E29B7BB7000AA7F5D /* Assets.xcassets in Resources */ = {isa = PBXBuildFile; fileRef = B264647D29B7BB7000AA7F5D /* Assets.xcassets */; };
		B264648129B7BB7000AA7F5D /* LaunchScreen.storyboard in Resources */ = {isa = PBXBuildFile; fileRef = B264647F29B7BB7000AA7F5D /* LaunchScreen.storyboard */; };
		B264648B29B7C6F700AA7F5D /* TabBarController.swift in Sources */ = {isa = PBXBuildFile; fileRef = B264648A29B7C6F700AA7F5D /* TabBarController.swift */; };
		B28713C02A08D8A000197763 /* DailyPerformanceView.swift in Sources */ = {isa = PBXBuildFile; fileRef = B28713BF2A08D8A000197763 /* DailyPerformanceView.swift */; };
		B2ACA9BF29E6829E001C9993 /* OverviewNavBar.swift in Sources */ = {isa = PBXBuildFile; fileRef = B2ACA9BE29E6829E001C9993 /* OverviewNavBar.swift */; };
		B2ACA9C129E68340001C9993 /* BaseView.swift in Sources */ = {isa = PBXBuildFile; fileRef = B2ACA9C029E68340001C9993 /* BaseView.swift */; };
		B2BE31202A06331600A751A2 /* StatsView.swift in Sources */ = {isa = PBXBuildFile; fileRef = B2BE311F2A06331600A751A2 /* StatsView.swift */; };
		B2BE31232A06335600A751A2 /* StatsItemView.swift in Sources */ = {isa = PBXBuildFile; fileRef = B2BE31222A06335600A751A2 /* StatsItemView.swift */; };
		B2BEB25D2A0599A9003BE88E /* PercentView.swift in Sources */ = {isa = PBXBuildFile; fileRef = B2BEB25C2A0599A9003BE88E /* PercentView.swift */; };
		B2D21F142A0983CD0059C259 /* MontlyPerformanceView.swift in Sources */ = {isa = PBXBuildFile; fileRef = B2D21F132A0983CD0059C259 /* MontlyPerformanceView.swift */; };
		B2D21F182A098A930059C259 /* WAChartsView.swift in Sources */ = {isa = PBXBuildFile; fileRef = B2D21F172A098A930059C259 /* WAChartsView.swift */; };
		B2D21F1A2A098E6F0059C259 /* YAxisView.swift in Sources */ = {isa = PBXBuildFile; fileRef = B2D21F192A098E6F0059C259 /* YAxisView.swift */; };
		B2D21F1C2A0991B40059C259 /* XAxisView.swift in Sources */ = {isa = PBXBuildFile; fileRef = B2D21F1B2A0991B40059C259 /* XAxisView.swift */; };
		B2D21F1E2A0A1CCA0059C259 /* ChartView.swift in Sources */ = {isa = PBXBuildFile; fileRef = B2D21F1D2A0A1CCA0059C259 /* ChartView.swift */; };
		B2D3529B2A07E21A007727A5 /* StepsView.swift in Sources */ = {isa = PBXBuildFile; fileRef = B2D3529A2A07E21A007727A5 /* StepsView.swift */; };
		B2D3529D2A07E5C1007727A5 /* WABarsView.swift in Sources */ = {isa = PBXBuildFile; fileRef = B2D3529C2A07E5C1007727A5 /* WABarsView.swift */; };
		B2D3529F2A07E73A007727A5 /* BarView.swift in Sources */ = {isa = PBXBuildFile; fileRef = B2D3529E2A07E73A007727A5 /* BarView.swift */; };
		B2E1B9FF29BA3FA600CBFEB6 /* NavBarController.swift in Sources */ = {isa = PBXBuildFile; fileRef = B2E1B9FE29BA3FA600CBFEB6 /* NavBarController.swift */; };
/* End PBXBuildFile section */

/* Begin PBXFileReference section */
		B204EF6629E7363B00BD0E15 /* WeekView.swift */ = {isa = PBXFileReference; lastKnownFileType = sourcecode.swift; path = WeekView.swift; sourceTree = "<group>"; };
		B204EF6829E7385300BD0E15 /* WeekDayView.swift */ = {isa = PBXFileReference; lastKnownFileType = sourcecode.swift; path = WeekDayView.swift; sourceTree = "<group>"; };
		B204EF6A29E73CEA00BD0E15 /* Date + ext.swift */ = {isa = PBXFileReference; lastKnownFileType = sourcecode.swift; path = "Date + ext.swift"; sourceTree = "<group>"; };
		B2167BFA29E5DDD100D9CA0F /* WAButton.swift */ = {isa = PBXFileReference; lastKnownFileType = sourcecode.swift; path = WAButton.swift; sourceTree = "<group>"; };
		B21CACD329F2EABF00A49949 /* WABaseInfoView.swift */ = {isa = PBXFileReference; lastKnownFileType = sourcecode.swift; path = WABaseInfoView.swift; sourceTree = "<group>"; };
		B229DC4A2A0B78E200AC608C /* SectionHeaderView.swift */ = {isa = PBXFileReference; lastKnownFileType = sourcecode.swift; path = SectionHeaderView.swift; sourceTree = "<group>"; };
		B229DC4C2A0C1B9800AC608C /* TrainingCellView.swift */ = {isa = PBXFileReference; lastKnownFileType = sourcecode.swift; path = TrainingCellView.swift; sourceTree = "<group>"; };
		B230503629E4749F00D1CA4A /* BaseController.swift */ = {isa = PBXFileReference; lastKnownFileType = sourcecode.swift; path = BaseController.swift; sourceTree = "<group>"; };
		B230503829E4771F00D1CA4A /* UIView.swift */ = {isa = PBXFileReference; lastKnownFileType = sourcecode.swift; path = UIView.swift; sourceTree = "<group>"; };
		B230503F29E47AB400D1CA4A /* SessionController.swift */ = {isa = PBXFileReference; lastKnownFileType = sourcecode.swift; path = SessionController.swift; sourceTree = "<group>"; };
		B230504129E47AC500D1CA4A /* ProgressController.swift */ = {isa = PBXFileReference; lastKnownFileType = sourcecode.swift; path = ProgressController.swift; sourceTree = "<group>"; };
		B230504329E47ADD00D1CA4A /* SettingsController.swift */ = {isa = PBXFileReference; lastKnownFileType = sourcecode.swift; path = SettingsController.swift; sourceTree = "<group>"; };
		B242017129F4477F002EB259 /* TimerView.swift */ = {isa = PBXFileReference; lastKnownFileType = sourcecode.swift; path = TimerView.swift; sourceTree = "<group>"; };
		B242017429F448AD002EB259 /* ProgressView.swift */ = {isa = PBXFileReference; lastKnownFileType = sourcecode.swift; path = ProgressView.swift; sourceTree = "<group>"; };
		B259814B29B8636600A18A9A /* UIColor.swift */ = {isa = PBXFileReference; lastKnownFileType = sourcecode.swift; path = UIColor.swift; sourceTree = "<group>"; };
		B259814D29B8643900A18A9A /* R.swift */ = {isa = PBXFileReference; lastKnownFileType = sourcecode.swift; path = R.swift; sourceTree = "<group>"; };
		B264647129B7BB6E00AA7F5D /* workoutApp.app */ = {isa = PBXFileReference; explicitFileType = wrapper.application; includeInIndex = 0; path = workoutApp.app; sourceTree = BUILT_PRODUCTS_DIR; };
		B264647429B7BB6E00AA7F5D /* AppDelegate.swift */ = {isa = PBXFileReference; lastKnownFileType = sourcecode.swift; path = AppDelegate.swift; sourceTree = "<group>"; };
		B264647629B7BB6E00AA7F5D /* SceneDelegate.swift */ = {isa = PBXFileReference; lastKnownFileType = sourcecode.swift; path = SceneDelegate.swift; sourceTree = "<group>"; };
		B264647829B7BB6E00AA7F5D /* OverviewController.swift */ = {isa = PBXFileReference; lastKnownFileType = sourcecode.swift; path = OverviewController.swift; sourceTree = "<group>"; };
		B264647D29B7BB7000AA7F5D /* Assets.xcassets */ = {isa = PBXFileReference; lastKnownFileType = folder.assetcatalog; path = Assets.xcassets; sourceTree = "<group>"; };
		B264648029B7BB7000AA7F5D /* Base */ = {isa = PBXFileReference; lastKnownFileType = file.storyboard; name = Base; path = Base.lproj/LaunchScreen.storyboard; sourceTree = "<group>"; };
		B264648229B7BB7000AA7F5D /* Info.plist */ = {isa = PBXFileReference; lastKnownFileType = text.plist.xml; path = Info.plist; sourceTree = "<group>"; };
		B264648A29B7C6F700AA7F5D /* TabBarController.swift */ = {isa = PBXFileReference; lastKnownFileType = sourcecode.swift; path = TabBarController.swift; sourceTree = "<group>"; };
		B28713BF2A08D8A000197763 /* DailyPerformanceView.swift */ = {isa = PBXFileReference; lastKnownFileType = sourcecode.swift; path = DailyPerformanceView.swift; sourceTree = "<group>"; };
		B2ACA9BE29E6829E001C9993 /* OverviewNavBar.swift */ = {isa = PBXFileReference; lastKnownFileType = sourcecode.swift; path = OverviewNavBar.swift; sourceTree = "<group>"; };
		B2ACA9C029E68340001C9993 /* BaseView.swift */ = {isa = PBXFileReference; lastKnownFileType = sourcecode.swift; path = BaseView.swift; sourceTree = "<group>"; };
		B2BE311F2A06331600A751A2 /* StatsView.swift */ = {isa = PBXFileReference; lastKnownFileType = sourcecode.swift; path = StatsView.swift; sourceTree = "<group>"; };
		B2BE31222A06335600A751A2 /* StatsItemView.swift */ = {isa = PBXFileReference; lastKnownFileType = sourcecode.swift; path = StatsItemView.swift; sourceTree = "<group>"; };
		B2BEB25C2A0599A9003BE88E /* PercentView.swift */ = {isa = PBXFileReference; lastKnownFileType = sourcecode.swift; path = PercentView.swift; sourceTree = "<group>"; };
		B2D21F132A0983CD0059C259 /* MontlyPerformanceView.swift */ = {isa = PBXFileReference; lastKnownFileType = sourcecode.swift; path = MontlyPerformanceView.swift; sourceTree = "<group>"; };
		B2D21F172A098A930059C259 /* WAChartsView.swift */ = {isa = PBXFileReference; lastKnownFileType = sourcecode.swift; path = WAChartsView.swift; sourceTree = "<group>"; };
		B2D21F192A098E6F0059C259 /* YAxisView.swift */ = {isa = PBXFileReference; lastKnownFileType = sourcecode.swift; path = YAxisView.swift; sourceTree = "<group>"; };
		B2D21F1B2A0991B40059C259 /* XAxisView.swift */ = {isa = PBXFileReference; lastKnownFileType = sourcecode.swift; path = XAxisView.swift; sourceTree = "<group>"; };
		B2D21F1D2A0A1CCA0059C259 /* ChartView.swift */ = {isa = PBXFileReference; lastKnownFileType = sourcecode.swift; path = ChartView.swift; sourceTree = "<group>"; };
		B2D3529A2A07E21A007727A5 /* StepsView.swift */ = {isa = PBXFileReference; lastKnownFileType = sourcecode.swift; path = StepsView.swift; sourceTree = "<group>"; };
		B2D3529C2A07E5C1007727A5 /* WABarsView.swift */ = {isa = PBXFileReference; lastKnownFileType = sourcecode.swift; path = WABarsView.swift; sourceTree = "<group>"; };
		B2D3529E2A07E73A007727A5 /* BarView.swift */ = {isa = PBXFileReference; lastKnownFileType = sourcecode.swift; path = BarView.swift; sourceTree = "<group>"; };
		B2E1B9FE29BA3FA600CBFEB6 /* NavBarController.swift */ = {isa = PBXFileReference; lastKnownFileType = sourcecode.swift; path = NavBarController.swift; sourceTree = "<group>"; };
/* End PBXFileReference section */

/* Begin PBXFrameworksBuildPhase section */
		B264646E29B7BB6E00AA7F5D /* Frameworks */ = {
			isa = PBXFrameworksBuildPhase;
			buildActionMask = 2147483647;
			files = (
			);
			runOnlyForDeploymentPostprocessing = 0;
		};
/* End PBXFrameworksBuildPhase section */

/* Begin PBXGroup section */
		B204EF6529E7362000BD0E15 /* WeekView */ = {
			isa = PBXGroup;
			children = (
				B204EF6629E7363B00BD0E15 /* WeekView.swift */,
				B204EF6829E7385300BD0E15 /* WeekDayView.swift */,
			);
			path = WeekView;
			sourceTree = "<group>";
		};
		B2167BF929E5DD6C00D9CA0F /* Views */ = {
			isa = PBXGroup;
			children = (
				B229DC492A0B78C000AC608C /* CollectionView */,
				B204EF6529E7362000BD0E15 /* WeekView */,
				B2ACA9BE29E6829E001C9993 /* OverviewNavBar.swift */,
			);
			path = Views;
			sourceTree = "<group>";
		};
		B21CACD229F2EAA000A49949 /* Views */ = {
			isa = PBXGroup;
			children = (
				B2D21F162A0987BF0059C259 /* WACharsView */,
				B2D21F152A0987A10059C259 /* WABarsView */,
				B2ACA9C029E68340001C9993 /* BaseView.swift */,
				B2167BFA29E5DDD100D9CA0F /* WAButton.swift */,
				B21CACD329F2EABF00A49949 /* WABaseInfoView.swift */,
			);
			path = Views;
			sourceTree = "<group>";
		};
		B229DC492A0B78C000AC608C /* CollectionView */ = {
			isa = PBXGroup;
			children = (
				B229DC4A2A0B78E200AC608C /* SectionHeaderView.swift */,
				B229DC4C2A0C1B9800AC608C /* TrainingCellView.swift */,
			);
			path = CollectionView;
			sourceTree = "<group>";
		};
		B230503529E473FC00D1CA4A /* Controllers */ = {
			isa = PBXGroup;
			children = (
				B230503E29E47A9700D1CA4A /* Settings */,
				B230503D29E47A8E00D1CA4A /* Progress */,
				B230503C29E47A8300D1CA4A /* Session */,
				B230503B29E47A7700D1CA4A /* Overview */,
				B230503A29E47A6B00D1CA4A /* Base */,
			);
			path = Controllers;
			sourceTree = "<group>";
		};
		B230503A29E47A6B00D1CA4A /* Base */ = {
			isa = PBXGroup;
			children = (
				B21CACD229F2EAA000A49949 /* Views */,
				B264648A29B7C6F700AA7F5D /* TabBarController.swift */,
				B2E1B9FE29BA3FA600CBFEB6 /* NavBarController.swift */,
				B230503629E4749F00D1CA4A /* BaseController.swift */,
			);
			path = Base;
			sourceTree = "<group>";
		};
		B230503B29E47A7700D1CA4A /* Overview */ = {
			isa = PBXGroup;
			children = (
				B2167BF929E5DD6C00D9CA0F /* Views */,
				B264647829B7BB6E00AA7F5D /* OverviewController.swift */,
			);
			path = Overview;
			sourceTree = "<group>";
		};
		B230503C29E47A8300D1CA4A /* Session */ = {
			isa = PBXGroup;
			children = (
				B242017029F44765002EB259 /* Views */,
				B230503F29E47AB400D1CA4A /* SessionController.swift */,
			);
			path = Session;
			sourceTree = "<group>";
		};
		B230503D29E47A8E00D1CA4A /* Progress */ = {
			isa = PBXGroup;
			children = (
				B28713BD2A08D87900197763 /* Views */,
				B230504129E47AC500D1CA4A /* ProgressController.swift */,
			);
			path = Progress;
			sourceTree = "<group>";
		};
		B230503E29E47A9700D1CA4A /* Settings */ = {
			isa = PBXGroup;
			children = (
				B230504329E47ADD00D1CA4A /* SettingsController.swift */,
			);
			path = Settings;
			sourceTree = "<group>";
		};
		B242017029F44765002EB259 /* Views */ = {
			isa = PBXGroup;
			children = (
				B2BE311E2A05A77700A751A2 /* Steps */,
				B2BE311D2A05A76D00A751A2 /* Stats */,
				B242017329F4489A002EB259 /* Timer */,
			);
			path = Views;
			sourceTree = "<group>";
		};
		B242017329F4489A002EB259 /* Timer */ = {
			isa = PBXGroup;
			children = (
				B242017129F4477F002EB259 /* TimerView.swift */,
				B242017429F448AD002EB259 /* ProgressView.swift */,
				B2BEB25C2A0599A9003BE88E /* PercentView.swift */,
			);
			path = Timer;
			sourceTree = "<group>";
		};
		B259814929B8633500A18A9A /* Helpers */ = {
			isa = PBXGroup;
			children = (
				B259814A29B8634400A18A9A /* Extensions */,
				B259814D29B8643900A18A9A /* R.swift */,
			);
			path = Helpers;
			sourceTree = "<group>";
		};
		B259814A29B8634400A18A9A /* Extensions */ = {
			isa = PBXGroup;
			children = (
				B259814B29B8636600A18A9A /* UIColor.swift */,
				B230503829E4771F00D1CA4A /* UIView.swift */,
				B204EF6A29E73CEA00BD0E15 /* Date + ext.swift */,
			);
			path = Extensions;
			sourceTree = "<group>";
		};
		B264646829B7BB6E00AA7F5D = {
			isa = PBXGroup;
			children = (
				B264647329B7BB6E00AA7F5D /* workoutApp */,
				B264647229B7BB6E00AA7F5D /* Products */,
			);
			sourceTree = "<group>";
		};
		B264647229B7BB6E00AA7F5D /* Products */ = {
			isa = PBXGroup;
			children = (
				B264647129B7BB6E00AA7F5D /* workoutApp.app */,
			);
			name = Products;
			sourceTree = "<group>";
		};
		B264647329B7BB6E00AA7F5D /* workoutApp */ = {
			isa = PBXGroup;
			children = (
				B259814929B8633500A18A9A /* Helpers */,
				B264648829B7BD4600AA7F5D /* Application */,
				B230503529E473FC00D1CA4A /* Controllers */,
				B264648929B7BD7100AA7F5D /* SupportingFiles */,
			);
			path = workoutApp;
			sourceTree = "<group>";
		};
		B264648829B7BD4600AA7F5D /* Application */ = {
			isa = PBXGroup;
			children = (
				B264647429B7BB6E00AA7F5D /* AppDelegate.swift */,
				B264647629B7BB6E00AA7F5D /* SceneDelegate.swift */,
			);
			path = Application;
			sourceTree = "<group>";
		};
		B264648929B7BD7100AA7F5D /* SupportingFiles */ = {
			isa = PBXGroup;
			children = (
				B264647D29B7BB7000AA7F5D /* Assets.xcassets */,
				B264647F29B7BB7000AA7F5D /* LaunchScreen.storyboard */,
				B264648229B7BB7000AA7F5D /* Info.plist */,
			);
			path = SupportingFiles;
			sourceTree = "<group>";
		};
		B28713BD2A08D87900197763 /* Views */ = {
			isa = PBXGroup;
			children = (
				B2D21F122A0983830059C259 /* MonthlyPerformanceView */,
				B28713BE2A08D88100197763 /* DailyPerformance */,
			);
			path = Views;
			sourceTree = "<group>";
		};
		B28713BE2A08D88100197763 /* DailyPerformance */ = {
			isa = PBXGroup;
			children = (
				B28713BF2A08D8A000197763 /* DailyPerformanceView.swift */,
			);
			path = DailyPerformance;
			sourceTree = "<group>";
		};
		B2BE311D2A05A76D00A751A2 /* Stats */ = {
			isa = PBXGroup;
			children = (
				B2BE31212A06333F00A751A2 /* Views */,
				B2BE311F2A06331600A751A2 /* StatsView.swift */,
			);
			path = Stats;
			sourceTree = "<group>";
		};
		B2BE311E2A05A77700A751A2 /* Steps */ = {
			isa = PBXGroup;
			children = (
				B2D3529A2A07E21A007727A5 /* StepsView.swift */,
			);
			path = Steps;
			sourceTree = "<group>";
		};
		B2BE31212A06333F00A751A2 /* Views */ = {
			isa = PBXGroup;
			children = (
				B2BE31222A06335600A751A2 /* StatsItemView.swift */,
			);
			path = Views;
			sourceTree = "<group>";
		};
		B2D21F122A0983830059C259 /* MonthlyPerformanceView */ = {
			isa = PBXGroup;
			children = (
				B2D21F132A0983CD0059C259 /* MontlyPerformanceView.swift */,
			);
			path = MonthlyPerformanceView;
			sourceTree = "<group>";
		};
		B2D21F152A0987A10059C259 /* WABarsView */ = {
			isa = PBXGroup;
			children = (
				B2D3529C2A07E5C1007727A5 /* WABarsView.swift */,
				B2D3529E2A07E73A007727A5 /* BarView.swift */,
			);
			path = WABarsView;
			sourceTree = "<group>";
		};
		B2D21F162A0987BF0059C259 /* WACharsView */ = {
			isa = PBXGroup;
			children = (
				B2D21F172A098A930059C259 /* WAChartsView.swift */,
				B2D21F192A098E6F0059C259 /* YAxisView.swift */,
				B2D21F1B2A0991B40059C259 /* XAxisView.swift */,
				B2D21F1D2A0A1CCA0059C259 /* ChartView.swift */,
			);
			path = WACharsView;
			sourceTree = "<group>";
		};
/* End PBXGroup section */

/* Begin PBXNativeTarget section */
		B264647029B7BB6E00AA7F5D /* workoutApp */ = {
			isa = PBXNativeTarget;
			buildConfigurationList = B264648529B7BB7000AA7F5D /* Build configuration list for PBXNativeTarget "workoutApp" */;
			buildPhases = (
				B264646D29B7BB6E00AA7F5D /* Sources */,
				B264646E29B7BB6E00AA7F5D /* Frameworks */,
				B264646F29B7BB6E00AA7F5D /* Resources */,
			);
			buildRules = (
			);
			dependencies = (
			);
			name = workoutApp;
			productName = workoutApp;
			productReference = B264647129B7BB6E00AA7F5D /* workoutApp.app */;
			productType = "com.apple.product-type.application";
		};
/* End PBXNativeTarget section */

/* Begin PBXProject section */
		B264646929B7BB6E00AA7F5D /* Project object */ = {
			isa = PBXProject;
			attributes = {
				BuildIndependentTargetsInParallel = 1;
				LastSwiftUpdateCheck = 1410;
				LastUpgradeCheck = 1410;
				TargetAttributes = {
					B264647029B7BB6E00AA7F5D = {
						CreatedOnToolsVersion = 14.1;
					};
				};
			};
			buildConfigurationList = B264646C29B7BB6E00AA7F5D /* Build configuration list for PBXProject "workoutApp" */;
			compatibilityVersion = "Xcode 14.0";
			developmentRegion = en;
			hasScannedForEncodings = 0;
			knownRegions = (
				en,
				Base,
			);
			mainGroup = B264646829B7BB6E00AA7F5D;
			productRefGroup = B264647229B7BB6E00AA7F5D /* Products */;
			projectDirPath = "";
			projectRoot = "";
			targets = (
				B264647029B7BB6E00AA7F5D /* workoutApp */,
			);
		};
/* End PBXProject section */

/* Begin PBXResourcesBuildPhase section */
		B264646F29B7BB6E00AA7F5D /* Resources */ = {
			isa = PBXResourcesBuildPhase;
			buildActionMask = 2147483647;
			files = (
				B264648129B7BB7000AA7F5D /* LaunchScreen.storyboard in Resources */,
				B264647E29B7BB7000AA7F5D /* Assets.xcassets in Resources */,
			);
			runOnlyForDeploymentPostprocessing = 0;
		};
/* End PBXResourcesBuildPhase section */

/* Begin PBXSourcesBuildPhase section */
		B264646D29B7BB6E00AA7F5D /* Sources */ = {
			isa = PBXSourcesBuildPhase;
			buildActionMask = 2147483647;
			files = (
				B204EF6729E7363B00BD0E15 /* WeekView.swift in Sources */,
				B264647929B7BB6E00AA7F5D /* OverviewController.swift in Sources */,
				B264648B29B7C6F700AA7F5D /* TabBarController.swift in Sources */,
				B2ACA9BF29E6829E001C9993 /* OverviewNavBar.swift in Sources */,
				B230504429E47ADD00D1CA4A /* SettingsController.swift in Sources */,
				B2D21F142A0983CD0059C259 /* MontlyPerformanceView.swift in Sources */,
				B229DC4D2A0C1B9800AC608C /* TrainingCellView.swift in Sources */,
				B264647529B7BB6E00AA7F5D /* AppDelegate.swift in Sources */,
				B2E1B9FF29BA3FA600CBFEB6 /* NavBarController.swift in Sources */,
				B230504029E47AB400D1CA4A /* SessionController.swift in Sources */,
				B2BEB25D2A0599A9003BE88E /* PercentView.swift in Sources */,
				B28713C02A08D8A000197763 /* DailyPerformanceView.swift in Sources */,
				B2D21F182A098A930059C259 /* WAChartsView.swift in Sources */,
				B2167BFB29E5DDD100D9CA0F /* WAButton.swift in Sources */,
				B21CACD429F2EABF00A49949 /* WABaseInfoView.swift in Sources */,
				B242017229F4477F002EB259 /* TimerView.swift in Sources */,
				B242017529F448AD002EB259 /* ProgressView.swift in Sources */,
				B2D3529B2A07E21A007727A5 /* StepsView.swift in Sources */,
				B230504229E47AC500D1CA4A /* ProgressController.swift in Sources */,
				B2D21F1C2A0991B40059C259 /* XAxisView.swift in Sources */,
				B2D21F1A2A098E6F0059C259 /* YAxisView.swift in Sources */,
				B264647729B7BB6E00AA7F5D /* SceneDelegate.swift in Sources */,
				B2BE31232A06335600A751A2 /* StatsItemView.swift in Sources */,
				B259814E29B8643900A18A9A /* R.swift in Sources */,
				B2D3529F2A07E73A007727A5 /* BarView.swift in Sources */,
				B230503729E4749F00D1CA4A /* BaseController.swift in Sources */,
				B204EF6B29E73CEA00BD0E15 /* Date + ext.swift in Sources */,
				B2ACA9C129E68340001C9993 /* BaseView.swift in Sources */,
				B229DC4B2A0B78E200AC608C /* SectionHeaderView.swift in Sources */,
				B204EF6929E7385300BD0E15 /* WeekDayView.swift in Sources */,
				B2D3529D2A07E5C1007727A5 /* WABarsView.swift in Sources */,
				B2D21F1E2A0A1CCA0059C259 /* ChartView.swift in Sources */,
				B2BE31202A06331600A751A2 /* StatsView.swift in Sources */,
				B230503929E4771F00D1CA4A /* UIView.swift in Sources */,
				B259814C29B8636600A18A9A /* UIColor.swift in Sources */,
			);
			runOnlyForDeploymentPostprocessing = 0;
		};
/* End PBXSourcesBuildPhase section */

/* Begin PBXVariantGroup section */
		B264647F29B7BB7000AA7F5D /* LaunchScreen.storyboard */ = {
			isa = PBXVariantGroup;
			children = (
				B264648029B7BB7000AA7F5D /* Base */,
			);
			name = LaunchScreen.storyboard;
			sourceTree = "<group>";
		};
/* End PBXVariantGroup section */

/* Begin XCBuildConfiguration section */
		B264648329B7BB7000AA7F5D /* Debug */ = {
			isa = XCBuildConfiguration;
			buildSettings = {
				ALWAYS_SEARCH_USER_PATHS = NO;
				CLANG_ANALYZER_NONNULL = YES;
				CLANG_ANALYZER_NUMBER_OBJECT_CONVERSION = YES_AGGRESSIVE;
				CLANG_CXX_LANGUAGE_STANDARD = "gnu++20";
				CLANG_ENABLE_MODULES = YES;
				CLANG_ENABLE_OBJC_ARC = YES;
				CLANG_ENABLE_OBJC_WEAK = YES;
				CLANG_WARN_BLOCK_CAPTURE_AUTORELEASING = YES;
				CLANG_WARN_BOOL_CONVERSION = YES;
				CLANG_WARN_COMMA = YES;
				CLANG_WARN_CONSTANT_CONVERSION = YES;
				CLANG_WARN_DEPRECATED_OBJC_IMPLEMENTATIONS = YES;
				CLANG_WARN_DIRECT_OBJC_ISA_USAGE = YES_ERROR;
				CLANG_WARN_DOCUMENTATION_COMMENTS = YES;
				CLANG_WARN_EMPTY_BODY = YES;
				CLANG_WARN_ENUM_CONVERSION = YES;
				CLANG_WARN_INFINITE_RECURSION = YES;
				CLANG_WARN_INT_CONVERSION = YES;
				CLANG_WARN_NON_LITERAL_NULL_CONVERSION = YES;
				CLANG_WARN_OBJC_IMPLICIT_RETAIN_SELF = YES;
				CLANG_WARN_OBJC_LITERAL_CONVERSION = YES;
				CLANG_WARN_OBJC_ROOT_CLASS = YES_ERROR;
				CLANG_WARN_QUOTED_INCLUDE_IN_FRAMEWORK_HEADER = YES;
				CLANG_WARN_RANGE_LOOP_ANALYSIS = YES;
				CLANG_WARN_STRICT_PROTOTYPES = YES;
				CLANG_WARN_SUSPICIOUS_MOVE = YES;
				CLANG_WARN_UNGUARDED_AVAILABILITY = YES_AGGRESSIVE;
				CLANG_WARN_UNREACHABLE_CODE = YES;
				CLANG_WARN__DUPLICATE_METHOD_MATCH = YES;
				COPY_PHASE_STRIP = NO;
				DEBUG_INFORMATION_FORMAT = dwarf;
				ENABLE_STRICT_OBJC_MSGSEND = YES;
				ENABLE_TESTABILITY = YES;
				GCC_C_LANGUAGE_STANDARD = gnu11;
				GCC_DYNAMIC_NO_PIC = NO;
				GCC_NO_COMMON_BLOCKS = YES;
				GCC_OPTIMIZATION_LEVEL = 0;
				GCC_PREPROCESSOR_DEFINITIONS = (
					"DEBUG=1",
					"$(inherited)",
				);
				GCC_WARN_64_TO_32_BIT_CONVERSION = YES;
				GCC_WARN_ABOUT_RETURN_TYPE = YES_ERROR;
				GCC_WARN_UNDECLARED_SELECTOR = YES;
				GCC_WARN_UNINITIALIZED_AUTOS = YES_AGGRESSIVE;
				GCC_WARN_UNUSED_FUNCTION = YES;
				GCC_WARN_UNUSED_VARIABLE = YES;
				IPHONEOS_DEPLOYMENT_TARGET = 16.1;
				MTL_ENABLE_DEBUG_INFO = INCLUDE_SOURCE;
				MTL_FAST_MATH = YES;
				ONLY_ACTIVE_ARCH = YES;
				SDKROOT = iphoneos;
				SWIFT_ACTIVE_COMPILATION_CONDITIONS = DEBUG;
				SWIFT_OPTIMIZATION_LEVEL = "-Onone";
			};
			name = Debug;
		};
		B264648429B7BB7000AA7F5D /* Release */ = {
			isa = XCBuildConfiguration;
			buildSettings = {
				ALWAYS_SEARCH_USER_PATHS = NO;
				CLANG_ANALYZER_NONNULL = YES;
				CLANG_ANALYZER_NUMBER_OBJECT_CONVERSION = YES_AGGRESSIVE;
				CLANG_CXX_LANGUAGE_STANDARD = "gnu++20";
				CLANG_ENABLE_MODULES = YES;
				CLANG_ENABLE_OBJC_ARC = YES;
				CLANG_ENABLE_OBJC_WEAK = YES;
				CLANG_WARN_BLOCK_CAPTURE_AUTORELEASING = YES;
				CLANG_WARN_BOOL_CONVERSION = YES;
				CLANG_WARN_COMMA = YES;
				CLANG_WARN_CONSTANT_CONVERSION = YES;
				CLANG_WARN_DEPRECATED_OBJC_IMPLEMENTATIONS = YES;
				CLANG_WARN_DIRECT_OBJC_ISA_USAGE = YES_ERROR;
				CLANG_WARN_DOCUMENTATION_COMMENTS = YES;
				CLANG_WARN_EMPTY_BODY = YES;
				CLANG_WARN_ENUM_CONVERSION = YES;
				CLANG_WARN_INFINITE_RECURSION = YES;
				CLANG_WARN_INT_CONVERSION = YES;
				CLANG_WARN_NON_LITERAL_NULL_CONVERSION = YES;
				CLANG_WARN_OBJC_IMPLICIT_RETAIN_SELF = YES;
				CLANG_WARN_OBJC_LITERAL_CONVERSION = YES;
				CLANG_WARN_OBJC_ROOT_CLASS = YES_ERROR;
				CLANG_WARN_QUOTED_INCLUDE_IN_FRAMEWORK_HEADER = YES;
				CLANG_WARN_RANGE_LOOP_ANALYSIS = YES;
				CLANG_WARN_STRICT_PROTOTYPES = YES;
				CLANG_WARN_SUSPICIOUS_MOVE = YES;
				CLANG_WARN_UNGUARDED_AVAILABILITY = YES_AGGRESSIVE;
				CLANG_WARN_UNREACHABLE_CODE = YES;
				CLANG_WARN__DUPLICATE_METHOD_MATCH = YES;
				COPY_PHASE_STRIP = NO;
				DEBUG_INFORMATION_FORMAT = "dwarf-with-dsym";
				ENABLE_NS_ASSERTIONS = NO;
				ENABLE_STRICT_OBJC_MSGSEND = YES;
				GCC_C_LANGUAGE_STANDARD = gnu11;
				GCC_NO_COMMON_BLOCKS = YES;
				GCC_WARN_64_TO_32_BIT_CONVERSION = YES;
				GCC_WARN_ABOUT_RETURN_TYPE = YES_ERROR;
				GCC_WARN_UNDECLARED_SELECTOR = YES;
				GCC_WARN_UNINITIALIZED_AUTOS = YES_AGGRESSIVE;
				GCC_WARN_UNUSED_FUNCTION = YES;
				GCC_WARN_UNUSED_VARIABLE = YES;
				IPHONEOS_DEPLOYMENT_TARGET = 16.1;
				MTL_ENABLE_DEBUG_INFO = NO;
				MTL_FAST_MATH = YES;
				SDKROOT = iphoneos;
				SWIFT_COMPILATION_MODE = wholemodule;
				SWIFT_OPTIMIZATION_LEVEL = "-O";
				VALIDATE_PRODUCT = YES;
			};
			name = Release;
		};
		B264648629B7BB7000AA7F5D /* Debug */ = {
			isa = XCBuildConfiguration;
			buildSettings = {
				ASSETCATALOG_COMPILER_APPICON_NAME = AppIcon;
				ASSETCATALOG_COMPILER_GLOBAL_ACCENT_COLOR_NAME = AccentColor;
				CODE_SIGN_STYLE = Automatic;
				CURRENT_PROJECT_VERSION = 1;
				DEVELOPMENT_TEAM = LUQ926BAHR;
				GENERATE_INFOPLIST_FILE = YES;
				INFOPLIST_FILE = workoutApp/SupportingFiles/Info.plist;
				INFOPLIST_KEY_UIApplicationSupportsIndirectInputEvents = YES;
				INFOPLIST_KEY_UILaunchStoryboardName = LaunchScreen;
				INFOPLIST_KEY_UIMainStoryboardFile = "";
				INFOPLIST_KEY_UISupportedInterfaceOrientations = UIInterfaceOrientationPortrait;
				LD_RUNPATH_SEARCH_PATHS = (
					"$(inherited)",
					"@executable_path/Frameworks",
				);
				MARKETING_VERSION = 1.0;
				PRODUCT_BUNDLE_IDENTIFIER = vladShima.workoutApp;
				PRODUCT_NAME = "$(TARGET_NAME)";
				SUPPORTED_PLATFORMS = "iphoneos iphonesimulator";
				SUPPORTS_MACCATALYST = NO;
				SUPPORTS_MAC_DESIGNED_FOR_IPHONE_IPAD = NO;
				SWIFT_EMIT_LOC_STRINGS = YES;
				SWIFT_VERSION = 5.0;
				TARGETED_DEVICE_FAMILY = 1;
			};
			name = Debug;
		};
		B264648729B7BB7000AA7F5D /* Release */ = {
			isa = XCBuildConfiguration;
			buildSettings = {
				ASSETCATALOG_COMPILER_APPICON_NAME = AppIcon;
				ASSETCATALOG_COMPILER_GLOBAL_ACCENT_COLOR_NAME = AccentColor;
				CODE_SIGN_STYLE = Automatic;
				CURRENT_PROJECT_VERSION = 1;
				DEVELOPMENT_TEAM = LUQ926BAHR;
				GENERATE_INFOPLIST_FILE = YES;
				INFOPLIST_FILE = workoutApp/SupportingFiles/Info.plist;
				INFOPLIST_KEY_UIApplicationSupportsIndirectInputEvents = YES;
				INFOPLIST_KEY_UILaunchStoryboardName = LaunchScreen;
				INFOPLIST_KEY_UIMainStoryboardFile = "";
				INFOPLIST_KEY_UISupportedInterfaceOrientations = UIInterfaceOrientationPortrait;
				LD_RUNPATH_SEARCH_PATHS = (
					"$(inherited)",
					"@executable_path/Frameworks",
				);
				MARKETING_VERSION = 1.0;
				PRODUCT_BUNDLE_IDENTIFIER = vladShima.workoutApp;
				PRODUCT_NAME = "$(TARGET_NAME)";
				SUPPORTED_PLATFORMS = "iphoneos iphonesimulator";
				SUPPORTS_MACCATALYST = NO;
				SUPPORTS_MAC_DESIGNED_FOR_IPHONE_IPAD = NO;
				SWIFT_EMIT_LOC_STRINGS = YES;
				SWIFT_VERSION = 5.0;
				TARGETED_DEVICE_FAMILY = 1;
			};
			name = Release;
		};
/* End XCBuildConfiguration section */

/* Begin XCConfigurationList section */
		B264646C29B7BB6E00AA7F5D /* Build configuration list for PBXProject "workoutApp" */ = {
			isa = XCConfigurationList;
			buildConfigurations = (
				B264648329B7BB7000AA7F5D /* Debug */,
				B264648429B7BB7000AA7F5D /* Release */,
			);
			defaultConfigurationIsVisible = 0;
			defaultConfigurationName = Release;
		};
		B264648529B7BB7000AA7F5D /* Build configuration list for PBXNativeTarget "workoutApp" */ = {
			isa = XCConfigurationList;
			buildConfigurations = (
				B264648629B7BB7000AA7F5D /* Debug */,
				B264648729B7BB7000AA7F5D /* Release */,
			);
			defaultConfigurationIsVisible = 0;
			defaultConfigurationName = Release;
		};
/* End XCConfigurationList section */
	};
	rootObject = B264646929B7BB6E00AA7F5D /* Project object */;
}
