// !$*UTF8*$!
{
	archiveVersion = 1;
	classes = {
	};
	objectVersion = 56;
	objects = {

/* Begin PBXBuildFile section */
		B2757D2D297C5AB700AF6B5F /* AppDelegate.swift in Sources */ = {isa = PBXBuildFile; fileRef = B2757D2C297C5AB700AF6B5F /* AppDelegate.swift */; };
		B2757D2F297C5AB700AF6B5F /* SceneDelegate.swift in Sources */ = {isa = PBXBuildFile; fileRef = B2757D2E297C5AB700AF6B5F /* SceneDelegate.swift */; };
		B2757D31297C5AB700AF6B5F /* ViewController.swift in Sources */ = {isa = PBXBuildFile; fileRef = B2757D30297C5AB700AF6B5F /* ViewController.swift */; };
		B2757D34297C5AB700AF6B5F /* Main.storyboard in Resources */ = {isa = PBXBuildFile; fileRef = B2757D32297C5AB700AF6B5F /* Main.storyboard */; };
		B2757D36297C5AB900AF6B5F /* Assets.xcassets in Resources */ = {isa = PBXBuildFile; fileRef = B2757D35297C5AB900AF6B5F /* Assets.xcassets */; };
		B2757D39297C5AB900AF6B5F /* LaunchScreen.storyboard in Resources */ = {isa = PBXBuildFile; fileRef = B2757D37297C5AB900AF6B5F /* LaunchScreen.storyboard */; };
		B2757D43297C6CAF00AF6B5F /* ButtonCell.xib in Resources */ = {isa = PBXBuildFile; fileRef = B2757D42297C6CAF00AF6B5F /* ButtonCell.xib */; };
		B2757D45297C6F4700AF6B5F /* ButtonCell.swift in Sources */ = {isa = PBXBuildFile; fileRef = B2757D44297C6F4700AF6B5F /* ButtonCell.swift */; };
/* End PBXBuildFile section */

/* Begin PBXFileReference section */
		B2757D29297C5AB700AF6B5F /* ColectionView.app */ = {isa = PBXFileReference; explicitFileType = wrapper.application; includeInIndex = 0; path = ColectionView.app; sourceTree = BUILT_PRODUCTS_DIR; };
		B2757D2C297C5AB700AF6B5F /* AppDelegate.swift */ = {isa = PBXFileReference; lastKnownFileType = sourcecode.swift; path = AppDelegate.swift; sourceTree = "<group>"; };
		B2757D2E297C5AB700AF6B5F /* SceneDelegate.swift */ = {isa = PBXFileReference; lastKnownFileType = sourcecode.swift; path = SceneDelegate.swift; sourceTree = "<group>"; };
		B2757D30297C5AB700AF6B5F /* ViewController.swift */ = {isa = PBXFileReference; lastKnownFileType = sourcecode.swift; path = ViewController.swift; sourceTree = "<group>"; };
		B2757D33297C5AB700AF6B5F /* Base */ = {isa = PBXFileReference; lastKnownFileType = file.storyboard; name = Base; path = Base.lproj/Main.storyboard; sourceTree = "<group>"; };
		B2757D35297C5AB900AF6B5F /* Assets.xcassets */ = {isa = PBXFileReference; lastKnownFileType = folder.assetcatalog; path = Assets.xcassets; sourceTree = "<group>"; };
		B2757D38297C5AB900AF6B5F /* Base */ = {isa = PBXFileReference; lastKnownFileType = file.storyboard; name = Base; path = Base.lproj/LaunchScreen.storyboard; sourceTree = "<group>"; };
		B2757D3A297C5AB900AF6B5F /* Info.plist */ = {isa = PBXFileReference; lastKnownFileType = text.plist.xml; path = Info.plist; sourceTree = "<group>"; };
		B2757D42297C6CAF00AF6B5F /* ButtonCell.xib */ = {isa = PBXFileReference; lastKnownFileType = file.xib; path = ButtonCell.xib; sourceTree = "<group>"; };
		B2757D44297C6F4700AF6B5F /* ButtonCell.swift */ = {isa = PBXFileReference; lastKnownFileType = sourcecode.swift; path = ButtonCell.swift; sourceTree = "<group>"; };
/* End PBXFileReference section */

/* Begin PBXFrameworksBuildPhase section */
		B2757D26297C5AB700AF6B5F /* Frameworks */ = {
			isa = PBXFrameworksBuildPhase;
			buildActionMask = 2147483647;
			files = (
			);
			runOnlyForDeploymentPostprocessing = 0;
		};
/* End PBXFrameworksBuildPhase section */

/* Begin PBXGroup section */
		B2757D20297C5AB700AF6B5F = {
			isa = PBXGroup;
			children = (
				B2757D2B297C5AB700AF6B5F /* ColectionView */,
				B2757D2A297C5AB700AF6B5F /* Products */,
			);
			sourceTree = "<group>";
		};
		B2757D2A297C5AB700AF6B5F /* Products */ = {
			isa = PBXGroup;
			children = (
				B2757D29297C5AB700AF6B5F /* ColectionView.app */,
			);
			name = Products;
			sourceTree = "<group>";
		};
		B2757D2B297C5AB700AF6B5F /* ColectionView */ = {
			isa = PBXGroup;
			children = (
				B2757D41297C6C9200AF6B5F /* ButtonCell */,
				B2757D40297C6C8600AF6B5F /* CommonCell */,
				B2757D2C297C5AB700AF6B5F /* AppDelegate.swift */,
				B2757D2E297C5AB700AF6B5F /* SceneDelegate.swift */,
				B2757D30297C5AB700AF6B5F /* ViewController.swift */,
				B2757D32297C5AB700AF6B5F /* Main.storyboard */,
				B2757D35297C5AB900AF6B5F /* Assets.xcassets */,
				B2757D37297C5AB900AF6B5F /* LaunchScreen.storyboard */,
				B2757D3A297C5AB900AF6B5F /* Info.plist */,
			);
			path = ColectionView;
			sourceTree = "<group>";
		};
		B2757D40297C6C8600AF6B5F /* CommonCell */ = {
			isa = PBXGroup;
			children = (
			);
			path = CommonCell;
			sourceTree = "<group>";
		};
		B2757D41297C6C9200AF6B5F /* ButtonCell */ = {
			isa = PBXGroup;
			children = (
				B2757D42297C6CAF00AF6B5F /* ButtonCell.xib */,
				B2757D44297C6F4700AF6B5F /* ButtonCell.swift */,
			);
			path = ButtonCell;
			sourceTree = "<group>";
		};
/* End PBXGroup section */

/* Begin PBXNativeTarget section */
		B2757D28297C5AB700AF6B5F /* ColectionView */ = {
			isa = PBXNativeTarget;
			buildConfigurationList = B2757D3D297C5AB900AF6B5F /* Build configuration list for PBXNativeTarget "ColectionView" */;
			buildPhases = (
				B2757D25297C5AB700AF6B5F /* Sources */,
				B2757D26297C5AB700AF6B5F /* Frameworks */,
				B2757D27297C5AB700AF6B5F /* Resources */,
			);
			buildRules = (
			);
			dependencies = (
			);
			name = ColectionView;
			productName = ColectionView;
			productReference = B2757D29297C5AB700AF6B5F /* ColectionView.app */;
			productType = "com.apple.product-type.application";
		};
/* End PBXNativeTarget section */

/* Begin PBXProject section */
		B2757D21297C5AB700AF6B5F /* Project object */ = {
			isa = PBXProject;
			attributes = {
				BuildIndependentTargetsInParallel = 1;
				LastSwiftUpdateCheck = 1410;
				LastUpgradeCheck = 1410;
				TargetAttributes = {
					B2757D28297C5AB700AF6B5F = {
						CreatedOnToolsVersion = 14.1;
					};
				};
			};
			buildConfigurationList = B2757D24297C5AB700AF6B5F /* Build configuration list for PBXProject "ColectionView" */;
			compatibilityVersion = "Xcode 14.0";
			developmentRegion = en;
			hasScannedForEncodings = 0;
			knownRegions = (
				en,
				Base,
			);
			mainGroup = B2757D20297C5AB700AF6B5F;
			productRefGroup = B2757D2A297C5AB700AF6B5F /* Products */;
			projectDirPath = "";
			projectRoot = "";
			targets = (
				B2757D28297C5AB700AF6B5F /* ColectionView */,
			);
		};
/* End PBXProject section */

/* Begin PBXResourcesBuildPhase section */
		B2757D27297C5AB700AF6B5F /* Resources */ = {
			isa = PBXResourcesBuildPhase;
			buildActionMask = 2147483647;
			files = (
				B2757D39297C5AB900AF6B5F /* LaunchScreen.storyboard in Resources */,
				B2757D36297C5AB900AF6B5F /* Assets.xcassets in Resources */,
				B2757D34297C5AB700AF6B5F /* Main.storyboard in Resources */,
				B2757D43297C6CAF00AF6B5F /* ButtonCell.xib in Resources */,
			);
			runOnlyForDeploymentPostprocessing = 0;
		};
/* End PBXResourcesBuildPhase section */

/* Begin PBXSourcesBuildPhase section */
		B2757D25297C5AB700AF6B5F /* Sources */ = {
			isa = PBXSourcesBuildPhase;
			buildActionMask = 2147483647;
			files = (
				B2757D31297C5AB700AF6B5F /* ViewController.swift in Sources */,
				B2757D2D297C5AB700AF6B5F /* AppDelegate.swift in Sources */,
				B2757D2F297C5AB700AF6B5F /* SceneDelegate.swift in Sources */,
				B2757D45297C6F4700AF6B5F /* ButtonCell.swift in Sources */,
			);
			runOnlyForDeploymentPostprocessing = 0;
		};
/* End PBXSourcesBuildPhase section */

/* Begin PBXVariantGroup section */
		B2757D32297C5AB700AF6B5F /* Main.storyboard */ = {
			isa = PBXVariantGroup;
			children = (
				B2757D33297C5AB700AF6B5F /* Base */,
			);
			name = Main.storyboard;
			sourceTree = "<group>";
		};
		B2757D37297C5AB900AF6B5F /* LaunchScreen.storyboard */ = {
			isa = PBXVariantGroup;
			children = (
				B2757D38297C5AB900AF6B5F /* Base */,
			);
			name = LaunchScreen.storyboard;
			sourceTree = "<group>";
		};
/* End PBXVariantGroup section */

/* Begin XCBuildConfiguration section */
		B2757D3B297C5AB900AF6B5F /* Debug */ = {
			isa = XCBuildConfiguration;
			buildSettings = {
				ALWAYS_SEARCH_USER_PATHS = NO;
				CLANG_ANALYZER_NONNULL = YES;
				CLANG_ANALYZER_NUMBER_OBJECT_CONVERSION = YES_AGGRESSIVE;
				CLANG_CXX_LANGUAGE_STANDARD = "gnu++20";
				CLANG_ENABLE_MODULES = YES;
				CLANG_ENABLE_OBJC_ARC = YES;
				CLANG_ENABLE_OBJC_WEAK = YES;
				CLANG_WARN_BLOCK_CAPTURE_AUTORELEASING = YES;
				CLANG_WARN_BOOL_CONVERSION = YES;
				CLANG_WARN_COMMA = YES;
				CLANG_WARN_CONSTANT_CONVERSION = YES;
				CLANG_WARN_DEPRECATED_OBJC_IMPLEMENTATIONS = YES;
				CLANG_WARN_DIRECT_OBJC_ISA_USAGE = YES_ERROR;
				CLANG_WARN_DOCUMENTATION_COMMENTS = YES;
				CLANG_WARN_EMPTY_BODY = YES;
				CLANG_WARN_ENUM_CONVERSION = YES;
				CLANG_WARN_INFINITE_RECURSION = YES;
				CLANG_WARN_INT_CONVERSION = YES;
				CLANG_WARN_NON_LITERAL_NULL_CONVERSION = YES;
				CLANG_WARN_OBJC_IMPLICIT_RETAIN_SELF = YES;
				CLANG_WARN_OBJC_LITERAL_CONVERSION = YES;
				CLANG_WARN_OBJC_ROOT_CLASS = YES_ERROR;
				CLANG_WARN_QUOTED_INCLUDE_IN_FRAMEWORK_HEADER = YES;
				CLANG_WARN_RANGE_LOOP_ANALYSIS = YES;
				CLANG_WARN_STRICT_PROTOTYPES = YES;
				CLANG_WARN_SUSPICIOUS_MOVE = YES;
				CLANG_WARN_UNGUARDED_AVAILABILITY = YES_AGGRESSIVE;
				CLANG_WARN_UNREACHABLE_CODE = YES;
				CLANG_WARN__DUPLICATE_METHOD_MATCH = YES;
				COPY_PHASE_STRIP = NO;
				DEBUG_INFORMATION_FORMAT = dwarf;
				ENABLE_STRICT_OBJC_MSGSEND = YES;
				ENABLE_TESTABILITY = YES;
				GCC_C_LANGUAGE_STANDARD = gnu11;
				GCC_DYNAMIC_NO_PIC = NO;
				GCC_NO_COMMON_BLOCKS = YES;
				GCC_OPTIMIZATION_LEVEL = 0;
				GCC_PREPROCESSOR_DEFINITIONS = (
					"DEBUG=1",
					"$(inherited)",
				);
				GCC_WARN_64_TO_32_BIT_CONVERSION = YES;
				GCC_WARN_ABOUT_RETURN_TYPE = YES_ERROR;
				GCC_WARN_UNDECLARED_SELECTOR = YES;
				GCC_WARN_UNINITIALIZED_AUTOS = YES_AGGRESSIVE;
				GCC_WARN_UNUSED_FUNCTION = YES;
				GCC_WARN_UNUSED_VARIABLE = YES;
				IPHONEOS_DEPLOYMENT_TARGET = 16.1;
				MTL_ENABLE_DEBUG_INFO = INCLUDE_SOURCE;
				MTL_FAST_MATH = YES;
				ONLY_ACTIVE_ARCH = YES;
				SDKROOT = iphoneos;
				SWIFT_ACTIVE_COMPILATION_CONDITIONS = DEBUG;
				SWIFT_OPTIMIZATION_LEVEL = "-Onone";
			};
			name = Debug;
		};
		B2757D3C297C5AB900AF6B5F /* Release */ = {
			isa = XCBuildConfiguration;
			buildSettings = {
				ALWAYS_SEARCH_USER_PATHS = NO;
				CLANG_ANALYZER_NONNULL = YES;
				CLANG_ANALYZER_NUMBER_OBJECT_CONVERSION = YES_AGGRESSIVE;
				CLANG_CXX_LANGUAGE_STANDARD = "gnu++20";
				CLANG_ENABLE_MODULES = YES;
				CLANG_ENABLE_OBJC_ARC = YES;
				CLANG_ENABLE_OBJC_WEAK = YES;
				CLANG_WARN_BLOCK_CAPTURE_AUTORELEASING = YES;
				CLANG_WARN_BOOL_CONVERSION = YES;
				CLANG_WARN_COMMA = YES;
				CLANG_WARN_CONSTANT_CONVERSION = YES;
				CLANG_WARN_DEPRECATED_OBJC_IMPLEMENTATIONS = YES;
				CLANG_WARN_DIRECT_OBJC_ISA_USAGE = YES_ERROR;
				CLANG_WARN_DOCUMENTATION_COMMENTS = YES;
				CLANG_WARN_EMPTY_BODY = YES;
				CLANG_WARN_ENUM_CONVERSION = YES;
				CLANG_WARN_INFINITE_RECURSION = YES;
				CLANG_WARN_INT_CONVERSION = YES;
				CLANG_WARN_NON_LITERAL_NULL_CONVERSION = YES;
				CLANG_WARN_OBJC_IMPLICIT_RETAIN_SELF = YES;
				CLANG_WARN_OBJC_LITERAL_CONVERSION = YES;
				CLANG_WARN_OBJC_ROOT_CLASS = YES_ERROR;
				CLANG_WARN_QUOTED_INCLUDE_IN_FRAMEWORK_HEADER = YES;
				CLANG_WARN_RANGE_LOOP_ANALYSIS = YES;
				CLANG_WARN_STRICT_PROTOTYPES = YES;
				CLANG_WARN_SUSPICIOUS_MOVE = YES;
				CLANG_WARN_UNGUARDED_AVAILABILITY = YES_AGGRESSIVE;
				CLANG_WARN_UNREACHABLE_CODE = YES;
				CLANG_WARN__DUPLICATE_METHOD_MATCH = YES;
				COPY_PHASE_STRIP = NO;
				DEBUG_INFORMATION_FORMAT = "dwarf-with-dsym";
				ENABLE_NS_ASSERTIONS = NO;
				ENABLE_STRICT_OBJC_MSGSEND = YES;
				GCC_C_LANGUAGE_STANDARD = gnu11;
				GCC_NO_COMMON_BLOCKS = YES;
				GCC_WARN_64_TO_32_BIT_CONVERSION = YES;
				GCC_WARN_ABOUT_RETURN_TYPE = YES_ERROR;
				GCC_WARN_UNDECLARED_SELECTOR = YES;
				GCC_WARN_UNINITIALIZED_AUTOS = YES_AGGRESSIVE;
				GCC_WARN_UNUSED_FUNCTION = YES;
				GCC_WARN_UNUSED_VARIABLE = YES;
				IPHONEOS_DEPLOYMENT_TARGET = 16.1;
				MTL_ENABLE_DEBUG_INFO = NO;
				MTL_FAST_MATH = YES;
				SDKROOT = iphoneos;
				SWIFT_COMPILATION_MODE = wholemodule;
				SWIFT_OPTIMIZATION_LEVEL = "-O";
				VALIDATE_PRODUCT = YES;
			};
			name = Release;
		};
		B2757D3E297C5AB900AF6B5F /* Debug */ = {
			isa = XCBuildConfiguration;
			buildSettings = {
				ASSETCATALOG_COMPILER_APPICON_NAME = AppIcon;
				ASSETCATALOG_COMPILER_GLOBAL_ACCENT_COLOR_NAME = AccentColor;
				CODE_SIGN_STYLE = Automatic;
				CURRENT_PROJECT_VERSION = 1;
				DEVELOPMENT_TEAM = LUQ926BAHR;
				GENERATE_INFOPLIST_FILE = YES;
				INFOPLIST_FILE = ColectionView/Info.plist;
				INFOPLIST_KEY_UIApplicationSupportsIndirectInputEvents = YES;
				INFOPLIST_KEY_UILaunchStoryboardName = LaunchScreen;
				INFOPLIST_KEY_UIMainStoryboardFile = Main;
				INFOPLIST_KEY_UISupportedInterfaceOrientations_iPad = "UIInterfaceOrientationPortrait UIInterfaceOrientationPortraitUpsideDown UIInterfaceOrientationLandscapeLeft UIInterfaceOrientationLandscapeRight";
				INFOPLIST_KEY_UISupportedInterfaceOrientations_iPhone = "UIInterfaceOrientationPortrait UIInterfaceOrientationLandscapeLeft UIInterfaceOrientationLandscapeRight";
				LD_RUNPATH_SEARCH_PATHS = (
					"$(inherited)",
					"@executable_path/Frameworks",
				);
				MARKETING_VERSION = 1.0;
				PRODUCT_BUNDLE_IDENTIFIER = vladShima.ColectionView;
				PRODUCT_NAME = "$(TARGET_NAME)";
				SWIFT_EMIT_LOC_STRINGS = YES;
				SWIFT_VERSION = 5.0;
				TARGETED_DEVICE_FAMILY = "1,2";
			};
			name = Debug;
		};
		B2757D3F297C5AB900AF6B5F /* Release */ = {
			isa = XCBuildConfiguration;
			buildSettings = {
				ASSETCATALOG_COMPILER_APPICON_NAME = AppIcon;
				ASSETCATALOG_COMPILER_GLOBAL_ACCENT_COLOR_NAME = AccentColor;
				CODE_SIGN_STYLE = Automatic;
				CURRENT_PROJECT_VERSION = 1;
				DEVELOPMENT_TEAM = LUQ926BAHR;
				GENERATE_INFOPLIST_FILE = YES;
				INFOPLIST_FILE = ColectionView/Info.plist;
				INFOPLIST_KEY_UIApplicationSupportsIndirectInputEvents = YES;
				INFOPLIST_KEY_UILaunchStoryboardName = LaunchScreen;
				INFOPLIST_KEY_UIMainStoryboardFile = Main;
				INFOPLIST_KEY_UISupportedInterfaceOrientations_iPad = "UIInterfaceOrientationPortrait UIInterfaceOrientationPortraitUpsideDown UIInterfaceOrientationLandscapeLeft UIInterfaceOrientationLandscapeRight";
				INFOPLIST_KEY_UISupportedInterfaceOrientations_iPhone = "UIInterfaceOrientationPortrait UIInterfaceOrientationLandscapeLeft UIInterfaceOrientationLandscapeRight";
				LD_RUNPATH_SEARCH_PATHS = (
					"$(inherited)",
					"@executable_path/Frameworks",
				);
				MARKETING_VERSION = 1.0;
				PRODUCT_BUNDLE_IDENTIFIER = vladShima.ColectionView;
				PRODUCT_NAME = "$(TARGET_NAME)";
				SWIFT_EMIT_LOC_STRINGS = YES;
				SWIFT_VERSION = 5.0;
				TARGETED_DEVICE_FAMILY = "1,2";
			};
			name = Release;
		};
/* End XCBuildConfiguration section */

/* Begin XCConfigurationList section */
		B2757D24297C5AB700AF6B5F /* Build configuration list for PBXProject "ColectionView" */ = {
			isa = XCConfigurationList;
			buildConfigurations = (
				B2757D3B297C5AB900AF6B5F /* Debug */,
				B2757D3C297C5AB900AF6B5F /* Release */,
			);
			defaultConfigurationIsVisible = 0;
			defaultConfigurationName = Release;
		};
		B2757D3D297C5AB900AF6B5F /* Build configuration list for PBXNativeTarget "ColectionView" */ = {
			isa = XCConfigurationList;
			buildConfigurations = (
				B2757D3E297C5AB900AF6B5F /* Debug */,
				B2757D3F297C5AB900AF6B5F /* Release */,
			);
			defaultConfigurationIsVisible = 0;
			defaultConfigurationName = Release;
		};
/* End XCConfigurationList section */
	};
	rootObject = B2757D21297C5AB700AF6B5F /* Project object */;
}
