// !$*UTF8*$!
{
	archiveVersion = 1;
	classes = {
	};
	objectVersion = 56;
	objects = {

/* Begin PBXBuildFile section */
		B23EED252944F94E00F25C7B /* LiveActivityApp.swift in Sources */ = {isa = PBXBuildFile; fileRef = B23EED242944F94E00F25C7B /* LiveActivityApp.swift */; };
		B23EED272944F94E00F25C7B /* ContentView.swift in Sources */ = {isa = PBXBuildFile; fileRef = B23EED262944F94E00F25C7B /* ContentView.swift */; };
		B23EED292944F95000F25C7B /* Assets.xcassets in Resources */ = {isa = PBXBuildFile; fileRef = B23EED282944F95000F25C7B /* Assets.xcassets */; };
		B23EED2C2944F95000F25C7B /* Preview Assets.xcassets in Resources */ = {isa = PBXBuildFile; fileRef = B23EED2B2944F95000F25C7B /* Preview Assets.xcassets */; };
		B23EED392944F9D700F25C7B /* WidgetKit.framework in Frameworks */ = {isa = PBXBuildFile; fileRef = B23EED382944F9D700F25C7B /* WidgetKit.framework */; };
		B23EED3B2944F9D700F25C7B /* SwiftUI.framework in Frameworks */ = {isa = PBXBuildFile; fileRef = B23EED3A2944F9D700F25C7B /* SwiftUI.framework */; };
		B23EED3E2944F9D700F25C7B /* OrderStatusBundle.swift in Sources */ = {isa = PBXBuildFile; fileRef = B23EED3D2944F9D700F25C7B /* OrderStatusBundle.swift */; };
		B23EED402944F9D700F25C7B /* OrderStatusLiveActivity.swift in Sources */ = {isa = PBXBuildFile; fileRef = B23EED3F2944F9D700F25C7B /* OrderStatusLiveActivity.swift */; };
		B23EED422944F9D700F25C7B /* OrderStatus.swift in Sources */ = {isa = PBXBuildFile; fileRef = B23EED412944F9D700F25C7B /* OrderStatus.swift */; };
		B23EED452944F9DC00F25C7B /* Assets.xcassets in Resources */ = {isa = PBXBuildFile; fileRef = B23EED442944F9DC00F25C7B /* Assets.xcassets */; };
		B23EED472944F9DC00F25C7B /* OrderStatus.intentdefinition in Sources */ = {isa = PBXBuildFile; fileRef = B23EED432944F9D800F25C7B /* OrderStatus.intentdefinition */; };
		B23EED482944F9DC00F25C7B /* OrderStatus.intentdefinition in Sources */ = {isa = PBXBuildFile; fileRef = B23EED432944F9D800F25C7B /* OrderStatus.intentdefinition */; };
		B23EED4B2944F9DC00F25C7B /* OrderStatusExtension.appex in Embed Foundation Extensions */ = {isa = PBXBuildFile; fileRef = B23EED362944F9D700F25C7B /* OrderStatusExtension.appex */; settings = {ATTRIBUTES = (RemoveHeadersOnCopy, ); }; };
		B23EED522944FB5900F25C7B /* OrderAttributes.swift in Sources */ = {isa = PBXBuildFile; fileRef = B23EED512944FB5900F25C7B /* OrderAttributes.swift */; };
		B23EED532944FB9C00F25C7B /* OrderAttributes.swift in Sources */ = {isa = PBXBuildFile; fileRef = B23EED512944FB5900F25C7B /* OrderAttributes.swift */; };
/* End PBXBuildFile section */

/* Begin PBXContainerItemProxy section */
		B23EED492944F9DC00F25C7B /* PBXContainerItemProxy */ = {
			isa = PBXContainerItemProxy;
			containerPortal = B23EED192944F94E00F25C7B /* Project object */;
			proxyType = 1;
			remoteGlobalIDString = B23EED352944F9D700F25C7B;
			remoteInfo = OrderStatusExtension;
		};
/* End PBXContainerItemProxy section */

/* Begin PBXCopyFilesBuildPhase section */
		B23EED4F2944F9DC00F25C7B /* Embed Foundation Extensions */ = {
			isa = PBXCopyFilesBuildPhase;
			buildActionMask = 2147483647;
			dstPath = "";
			dstSubfolderSpec = 13;
			files = (
				B23EED4B2944F9DC00F25C7B /* OrderStatusExtension.appex in Embed Foundation Extensions */,
			);
			name = "Embed Foundation Extensions";
			runOnlyForDeploymentPostprocessing = 0;
		};
/* End PBXCopyFilesBuildPhase section */

/* Begin PBXFileReference section */
		B23EED212944F94E00F25C7B /* LiveActivity.app */ = {isa = PBXFileReference; explicitFileType = wrapper.application; includeInIndex = 0; path = LiveActivity.app; sourceTree = BUILT_PRODUCTS_DIR; };
		B23EED242944F94E00F25C7B /* LiveActivityApp.swift */ = {isa = PBXFileReference; lastKnownFileType = sourcecode.swift; path = LiveActivityApp.swift; sourceTree = "<group>"; };
		B23EED262944F94E00F25C7B /* ContentView.swift */ = {isa = PBXFileReference; lastKnownFileType = sourcecode.swift; path = ContentView.swift; sourceTree = "<group>"; };
		B23EED282944F95000F25C7B /* Assets.xcassets */ = {isa = PBXFileReference; lastKnownFileType = folder.assetcatalog; path = Assets.xcassets; sourceTree = "<group>"; };
		B23EED2B2944F95000F25C7B /* Preview Assets.xcassets */ = {isa = PBXFileReference; lastKnownFileType = folder.assetcatalog; path = "Preview Assets.xcassets"; sourceTree = "<group>"; };
		B23EED362944F9D700F25C7B /* OrderStatusExtension.appex */ = {isa = PBXFileReference; explicitFileType = "wrapper.app-extension"; includeInIndex = 0; path = OrderStatusExtension.appex; sourceTree = BUILT_PRODUCTS_DIR; };
		B23EED382944F9D700F25C7B /* WidgetKit.framework */ = {isa = PBXFileReference; lastKnownFileType = wrapper.framework; name = WidgetKit.framework; path = System/Library/Frameworks/WidgetKit.framework; sourceTree = SDKROOT; };
		B23EED3A2944F9D700F25C7B /* SwiftUI.framework */ = {isa = PBXFileReference; lastKnownFileType = wrapper.framework; name = SwiftUI.framework; path = System/Library/Frameworks/SwiftUI.framework; sourceTree = SDKROOT; };
		B23EED3D2944F9D700F25C7B /* OrderStatusBundle.swift */ = {isa = PBXFileReference; lastKnownFileType = sourcecode.swift; path = OrderStatusBundle.swift; sourceTree = "<group>"; };
		B23EED3F2944F9D700F25C7B /* OrderStatusLiveActivity.swift */ = {isa = PBXFileReference; lastKnownFileType = sourcecode.swift; path = OrderStatusLiveActivity.swift; sourceTree = "<group>"; };
		B23EED412944F9D700F25C7B /* OrderStatus.swift */ = {isa = PBXFileReference; lastKnownFileType = sourcecode.swift; path = OrderStatus.swift; sourceTree = "<group>"; };
		B23EED432944F9D800F25C7B /* OrderStatus.intentdefinition */ = {isa = PBXFileReference; lastKnownFileType = file.intentdefinition; path = OrderStatus.intentdefinition; sourceTree = "<group>"; };
		B23EED442944F9DC00F25C7B /* Assets.xcassets */ = {isa = PBXFileReference; lastKnownFileType = folder.assetcatalog; path = Assets.xcassets; sourceTree = "<group>"; };
		B23EED462944F9DC00F25C7B /* Info.plist */ = {isa = PBXFileReference; lastKnownFileType = text.plist.xml; path = Info.plist; sourceTree = "<group>"; };
		B23EED512944FB5900F25C7B /* OrderAttributes.swift */ = {isa = PBXFileReference; lastKnownFileType = sourcecode.swift; path = OrderAttributes.swift; sourceTree = "<group>"; };
/* End PBXFileReference section */

/* Begin PBXFrameworksBuildPhase section */
		B23EED1E2944F94E00F25C7B /* Frameworks */ = {
			isa = PBXFrameworksBuildPhase;
			buildActionMask = 2147483647;
			files = (
			);
			runOnlyForDeploymentPostprocessing = 0;
		};
		B23EED332944F9D700F25C7B /* Frameworks */ = {
			isa = PBXFrameworksBuildPhase;
			buildActionMask = 2147483647;
			files = (
				B23EED3B2944F9D700F25C7B /* SwiftUI.framework in Frameworks */,
				B23EED392944F9D700F25C7B /* WidgetKit.framework in Frameworks */,
			);
			runOnlyForDeploymentPostprocessing = 0;
		};
/* End PBXFrameworksBuildPhase section */

/* Begin PBXGroup section */
		B23EED182944F94E00F25C7B = {
			isa = PBXGroup;
			children = (
				B23EED232944F94E00F25C7B /* LiveActivity */,
				B23EED3C2944F9D700F25C7B /* OrderStatus */,
				B23EED372944F9D700F25C7B /* Frameworks */,
				B23EED222944F94E00F25C7B /* Products */,
			);
			sourceTree = "<group>";
		};
		B23EED222944F94E00F25C7B /* Products */ = {
			isa = PBXGroup;
			children = (
				B23EED212944F94E00F25C7B /* LiveActivity.app */,
				B23EED362944F9D700F25C7B /* OrderStatusExtension.appex */,
			);
			name = Products;
			sourceTree = "<group>";
		};
		B23EED232944F94E00F25C7B /* LiveActivity */ = {
			isa = PBXGroup;
			children = (
				B23EED502944FB3900F25C7B /* Model */,
				B23EED242944F94E00F25C7B /* LiveActivityApp.swift */,
				B23EED262944F94E00F25C7B /* ContentView.swift */,
				B23EED282944F95000F25C7B /* Assets.xcassets */,
				B23EED2A2944F95000F25C7B /* Preview Content */,
			);
			path = LiveActivity;
			sourceTree = "<group>";
		};
		B23EED2A2944F95000F25C7B /* Preview Content */ = {
			isa = PBXGroup;
			children = (
				B23EED2B2944F95000F25C7B /* Preview Assets.xcassets */,
			);
			path = "Preview Content";
			sourceTree = "<group>";
		};
		B23EED372944F9D700F25C7B /* Frameworks */ = {
			isa = PBXGroup;
			children = (
				B23EED382944F9D700F25C7B /* WidgetKit.framework */,
				B23EED3A2944F9D700F25C7B /* SwiftUI.framework */,
			);
			name = Frameworks;
			sourceTree = "<group>";
		};
		B23EED3C2944F9D700F25C7B /* OrderStatus */ = {
			isa = PBXGroup;
			children = (
				B23EED3D2944F9D700F25C7B /* OrderStatusBundle.swift */,
				B23EED3F2944F9D700F25C7B /* OrderStatusLiveActivity.swift */,
				B23EED412944F9D700F25C7B /* OrderStatus.swift */,
				B23EED432944F9D800F25C7B /* OrderStatus.intentdefinition */,
				B23EED442944F9DC00F25C7B /* Assets.xcassets */,
				B23EED462944F9DC00F25C7B /* Info.plist */,
			);
			path = OrderStatus;
			sourceTree = "<group>";
		};
		B23EED502944FB3900F25C7B /* Model */ = {
			isa = PBXGroup;
			children = (
				B23EED512944FB5900F25C7B /* OrderAttributes.swift */,
			);
			path = Model;
			sourceTree = "<group>";
		};
/* End PBXGroup section */

/* Begin PBXNativeTarget section */
		B23EED202944F94E00F25C7B /* LiveActivity */ = {
			isa = PBXNativeTarget;
			buildConfigurationList = B23EED2F2944F95000F25C7B /* Build configuration list for PBXNativeTarget "LiveActivity" */;
			buildPhases = (
				B23EED1D2944F94E00F25C7B /* Sources */,
				B23EED1E2944F94E00F25C7B /* Frameworks */,
				B23EED1F2944F94E00F25C7B /* Resources */,
				B23EED4F2944F9DC00F25C7B /* Embed Foundation Extensions */,
			);
			buildRules = (
			);
			dependencies = (
				B23EED4A2944F9DC00F25C7B /* PBXTargetDependency */,
			);
			name = LiveActivity;
			productName = LiveActivity;
			productReference = B23EED212944F94E00F25C7B /* LiveActivity.app */;
			productType = "com.apple.product-type.application";
		};
		B23EED352944F9D700F25C7B /* OrderStatusExtension */ = {
			isa = PBXNativeTarget;
			buildConfigurationList = B23EED4C2944F9DC00F25C7B /* Build configuration list for PBXNativeTarget "OrderStatusExtension" */;
			buildPhases = (
				B23EED322944F9D700F25C7B /* Sources */,
				B23EED332944F9D700F25C7B /* Frameworks */,
				B23EED342944F9D700F25C7B /* Resources */,
			);
			buildRules = (
			);
			dependencies = (
			);
			name = OrderStatusExtension;
			productName = OrderStatusExtension;
			productReference = B23EED362944F9D700F25C7B /* OrderStatusExtension.appex */;
			productType = "com.apple.product-type.app-extension";
		};
/* End PBXNativeTarget section */

/* Begin PBXProject section */
		B23EED192944F94E00F25C7B /* Project object */ = {
			isa = PBXProject;
			attributes = {
				BuildIndependentTargetsInParallel = 1;
				LastSwiftUpdateCheck = 1410;
				LastUpgradeCheck = 1410;
				TargetAttributes = {
					B23EED202944F94E00F25C7B = {
						CreatedOnToolsVersion = 14.1;
					};
					B23EED352944F9D700F25C7B = {
						CreatedOnToolsVersion = 14.1;
					};
				};
			};
			buildConfigurationList = B23EED1C2944F94E00F25C7B /* Build configuration list for PBXProject "LiveActivity" */;
			compatibilityVersion = "Xcode 14.0";
			developmentRegion = en;
			hasScannedForEncodings = 0;
			knownRegions = (
				en,
				Base,
			);
			mainGroup = B23EED182944F94E00F25C7B;
			productRefGroup = B23EED222944F94E00F25C7B /* Products */;
			projectDirPath = "";
			projectRoot = "";
			targets = (
				B23EED202944F94E00F25C7B /* LiveActivity */,
				B23EED352944F9D700F25C7B /* OrderStatusExtension */,
			);
		};
/* End PBXProject section */

/* Begin PBXResourcesBuildPhase section */
		B23EED1F2944F94E00F25C7B /* Resources */ = {
			isa = PBXResourcesBuildPhase;
			buildActionMask = 2147483647;
			files = (
				B23EED2C2944F95000F25C7B /* Preview Assets.xcassets in Resources */,
				B23EED292944F95000F25C7B /* Assets.xcassets in Resources */,
			);
			runOnlyForDeploymentPostprocessing = 0;
		};
		B23EED342944F9D700F25C7B /* Resources */ = {
			isa = PBXResourcesBuildPhase;
			buildActionMask = 2147483647;
			files = (
				B23EED452944F9DC00F25C7B /* Assets.xcassets in Resources */,
			);
			runOnlyForDeploymentPostprocessing = 0;
		};
/* End PBXResourcesBuildPhase section */

/* Begin PBXSourcesBuildPhase section */
		B23EED1D2944F94E00F25C7B /* Sources */ = {
			isa = PBXSourcesBuildPhase;
			buildActionMask = 2147483647;
			files = (
				B23EED482944F9DC00F25C7B /* OrderStatus.intentdefinition in Sources */,
				B23EED272944F94E00F25C7B /* ContentView.swift in Sources */,
				B23EED252944F94E00F25C7B /* LiveActivityApp.swift in Sources */,
				B23EED522944FB5900F25C7B /* OrderAttributes.swift in Sources */,
			);
			runOnlyForDeploymentPostprocessing = 0;
		};
		B23EED322944F9D700F25C7B /* Sources */ = {
			isa = PBXSourcesBuildPhase;
			buildActionMask = 2147483647;
			files = (
				B23EED422944F9D700F25C7B /* OrderStatus.swift in Sources */,
				B23EED472944F9DC00F25C7B /* OrderStatus.intentdefinition in Sources */,
				B23EED532944FB9C00F25C7B /* OrderAttributes.swift in Sources */,
				B23EED3E2944F9D700F25C7B /* OrderStatusBundle.swift in Sources */,
				B23EED402944F9D700F25C7B /* OrderStatusLiveActivity.swift in Sources */,
			);
			runOnlyForDeploymentPostprocessing = 0;
		};
/* End PBXSourcesBuildPhase section */

/* Begin PBXTargetDependency section */
		B23EED4A2944F9DC00F25C7B /* PBXTargetDependency */ = {
			isa = PBXTargetDependency;
			target = B23EED352944F9D700F25C7B /* OrderStatusExtension */;
			targetProxy = B23EED492944F9DC00F25C7B /* PBXContainerItemProxy */;
		};
/* End PBXTargetDependency section */

/* Begin XCBuildConfiguration section */
		B23EED2D2944F95000F25C7B /* Debug */ = {
			isa = XCBuildConfiguration;
			buildSettings = {
				ALWAYS_SEARCH_USER_PATHS = NO;
				CLANG_ANALYZER_NONNULL = YES;
				CLANG_ANALYZER_NUMBER_OBJECT_CONVERSION = YES_AGGRESSIVE;
				CLANG_CXX_LANGUAGE_STANDARD = "gnu++20";
				CLANG_ENABLE_MODULES = YES;
				CLANG_ENABLE_OBJC_ARC = YES;
				CLANG_ENABLE_OBJC_WEAK = YES;
				CLANG_WARN_BLOCK_CAPTURE_AUTORELEASING = YES;
				CLANG_WARN_BOOL_CONVERSION = YES;
				CLANG_WARN_COMMA = YES;
				CLANG_WARN_CONSTANT_CONVERSION = YES;
				CLANG_WARN_DEPRECATED_OBJC_IMPLEMENTATIONS = YES;
				CLANG_WARN_DIRECT_OBJC_ISA_USAGE = YES_ERROR;
				CLANG_WARN_DOCUMENTATION_COMMENTS = YES;
				CLANG_WARN_EMPTY_BODY = YES;
				CLANG_WARN_ENUM_CONVERSION = YES;
				CLANG_WARN_INFINITE_RECURSION = YES;
				CLANG_WARN_INT_CONVERSION = YES;
				CLANG_WARN_NON_LITERAL_NULL_CONVERSION = YES;
				CLANG_WARN_OBJC_IMPLICIT_RETAIN_SELF = YES;
				CLANG_WARN_OBJC_LITERAL_CONVERSION = YES;
				CLANG_WARN_OBJC_ROOT_CLASS = YES_ERROR;
				CLANG_WARN_QUOTED_INCLUDE_IN_FRAMEWORK_HEADER = YES;
				CLANG_WARN_RANGE_LOOP_ANALYSIS = YES;
				CLANG_WARN_STRICT_PROTOTYPES = YES;
				CLANG_WARN_SUSPICIOUS_MOVE = YES;
				CLANG_WARN_UNGUARDED_AVAILABILITY = YES_AGGRESSIVE;
				CLANG_WARN_UNREACHABLE_CODE = YES;
				CLANG_WARN__DUPLICATE_METHOD_MATCH = YES;
				COPY_PHASE_STRIP = NO;
				DEBUG_INFORMATION_FORMAT = dwarf;
				ENABLE_STRICT_OBJC_MSGSEND = YES;
				ENABLE_TESTABILITY = YES;
				GCC_C_LANGUAGE_STANDARD = gnu11;
				GCC_DYNAMIC_NO_PIC = NO;
				GCC_NO_COMMON_BLOCKS = YES;
				GCC_OPTIMIZATION_LEVEL = 0;
				GCC_PREPROCESSOR_DEFINITIONS = (
					"DEBUG=1",
					"$(inherited)",
				);
				GCC_WARN_64_TO_32_BIT_CONVERSION = YES;
				GCC_WARN_ABOUT_RETURN_TYPE = YES_ERROR;
				GCC_WARN_UNDECLARED_SELECTOR = YES;
				GCC_WARN_UNINITIALIZED_AUTOS = YES_AGGRESSIVE;
				GCC_WARN_UNUSED_FUNCTION = YES;
				GCC_WARN_UNUSED_VARIABLE = YES;
				IPHONEOS_DEPLOYMENT_TARGET = 16.1;
				MTL_ENABLE_DEBUG_INFO = INCLUDE_SOURCE;
				MTL_FAST_MATH = YES;
				ONLY_ACTIVE_ARCH = YES;
				SDKROOT = iphoneos;
				SWIFT_ACTIVE_COMPILATION_CONDITIONS = DEBUG;
				SWIFT_OPTIMIZATION_LEVEL = "-Onone";
			};
			name = Debug;
		};
		B23EED2E2944F95000F25C7B /* Release */ = {
			isa = XCBuildConfiguration;
			buildSettings = {
				ALWAYS_SEARCH_USER_PATHS = NO;
				CLANG_ANALYZER_NONNULL = YES;
				CLANG_ANALYZER_NUMBER_OBJECT_CONVERSION = YES_AGGRESSIVE;
				CLANG_CXX_LANGUAGE_STANDARD = "gnu++20";
				CLANG_ENABLE_MODULES = YES;
				CLANG_ENABLE_OBJC_ARC = YES;
				CLANG_ENABLE_OBJC_WEAK = YES;
				CLANG_WARN_BLOCK_CAPTURE_AUTORELEASING = YES;
				CLANG_WARN_BOOL_CONVERSION = YES;
				CLANG_WARN_COMMA = YES;
				CLANG_WARN_CONSTANT_CONVERSION = YES;
				CLANG_WARN_DEPRECATED_OBJC_IMPLEMENTATIONS = YES;
				CLANG_WARN_DIRECT_OBJC_ISA_USAGE = YES_ERROR;
				CLANG_WARN_DOCUMENTATION_COMMENTS = YES;
				CLANG_WARN_EMPTY_BODY = YES;
				CLANG_WARN_ENUM_CONVERSION = YES;
				CLANG_WARN_INFINITE_RECURSION = YES;
				CLANG_WARN_INT_CONVERSION = YES;
				CLANG_WARN_NON_LITERAL_NULL_CONVERSION = YES;
				CLANG_WARN_OBJC_IMPLICIT_RETAIN_SELF = YES;
				CLANG_WARN_OBJC_LITERAL_CONVERSION = YES;
				CLANG_WARN_OBJC_ROOT_CLASS = YES_ERROR;
				CLANG_WARN_QUOTED_INCLUDE_IN_FRAMEWORK_HEADER = YES;
				CLANG_WARN_RANGE_LOOP_ANALYSIS = YES;
				CLANG_WARN_STRICT_PROTOTYPES = YES;
				CLANG_WARN_SUSPICIOUS_MOVE = YES;
				CLANG_WARN_UNGUARDED_AVAILABILITY = YES_AGGRESSIVE;
				CLANG_WARN_UNREACHABLE_CODE = YES;
				CLANG_WARN__DUPLICATE_METHOD_MATCH = YES;
				COPY_PHASE_STRIP = NO;
				DEBUG_INFORMATION_FORMAT = "dwarf-with-dsym";
				ENABLE_NS_ASSERTIONS = NO;
				ENABLE_STRICT_OBJC_MSGSEND = YES;
				GCC_C_LANGUAGE_STANDARD = gnu11;
				GCC_NO_COMMON_BLOCKS = YES;
				GCC_WARN_64_TO_32_BIT_CONVERSION = YES;
				GCC_WARN_ABOUT_RETURN_TYPE = YES_ERROR;
				GCC_WARN_UNDECLARED_SELECTOR = YES;
				GCC_WARN_UNINITIALIZED_AUTOS = YES_AGGRESSIVE;
				GCC_WARN_UNUSED_FUNCTION = YES;
				GCC_WARN_UNUSED_VARIABLE = YES;
				IPHONEOS_DEPLOYMENT_TARGET = 16.1;
				MTL_ENABLE_DEBUG_INFO = NO;
				MTL_FAST_MATH = YES;
				SDKROOT = iphoneos;
				SWIFT_COMPILATION_MODE = wholemodule;
				SWIFT_OPTIMIZATION_LEVEL = "-O";
				VALIDATE_PRODUCT = YES;
			};
			name = Release;
		};
		B23EED302944F95000F25C7B /* Debug */ = {
			isa = XCBuildConfiguration;
			buildSettings = {
				ALWAYS_EMBED_SWIFT_STANDARD_LIBRARIES = YES;
				ASSETCATALOG_COMPILER_APPICON_NAME = AppIcon;
				ASSETCATALOG_COMPILER_GLOBAL_ACCENT_COLOR_NAME = AccentColor;
				CODE_SIGN_STYLE = Automatic;
				CURRENT_PROJECT_VERSION = 1;
				DEVELOPMENT_ASSET_PATHS = "\"LiveActivity/Preview Content\"";
				DEVELOPMENT_TEAM = LUQ926BAHR;
				ENABLE_PREVIEWS = YES;
				GENERATE_INFOPLIST_FILE = YES;
				INFOPLIST_KEY_UIApplicationSceneManifest_Generation = YES;
				INFOPLIST_KEY_UIApplicationSupportsIndirectInputEvents = YES;
				INFOPLIST_KEY_UILaunchScreen_Generation = YES;
				INFOPLIST_KEY_UISupportedInterfaceOrientations_iPad = "UIInterfaceOrientationPortrait UIInterfaceOrientationPortraitUpsideDown UIInterfaceOrientationLandscapeLeft UIInterfaceOrientationLandscapeRight";
				INFOPLIST_KEY_UISupportedInterfaceOrientations_iPhone = "UIInterfaceOrientationPortrait UIInterfaceOrientationLandscapeLeft UIInterfaceOrientationLandscapeRight";
				LD_RUNPATH_SEARCH_PATHS = (
					"$(inherited)",
					"@executable_path/Frameworks",
				);
				MARKETING_VERSION = 1.0;
				PRODUCT_BUNDLE_IDENTIFIER = vladShima.LiveActivity;
				PRODUCT_NAME = "$(TARGET_NAME)";
				SWIFT_EMIT_LOC_STRINGS = YES;
				SWIFT_VERSION = 5.0;
				TARGETED_DEVICE_FAMILY = "1,2";
			};
			name = Debug;
		};
		B23EED312944F95000F25C7B /* Release */ = {
			isa = XCBuildConfiguration;
			buildSettings = {
				ALWAYS_EMBED_SWIFT_STANDARD_LIBRARIES = YES;
				ASSETCATALOG_COMPILER_APPICON_NAME = AppIcon;
				ASSETCATALOG_COMPILER_GLOBAL_ACCENT_COLOR_NAME = AccentColor;
				CODE_SIGN_STYLE = Automatic;
				CURRENT_PROJECT_VERSION = 1;
				DEVELOPMENT_ASSET_PATHS = "\"LiveActivity/Preview Content\"";
				DEVELOPMENT_TEAM = LUQ926BAHR;
				ENABLE_PREVIEWS = YES;
				GENERATE_INFOPLIST_FILE = YES;
				INFOPLIST_KEY_UIApplicationSceneManifest_Generation = YES;
				INFOPLIST_KEY_UIApplicationSupportsIndirectInputEvents = YES;
				INFOPLIST_KEY_UILaunchScreen_Generation = YES;
				INFOPLIST_KEY_UISupportedInterfaceOrientations_iPad = "UIInterfaceOrientationPortrait UIInterfaceOrientationPortraitUpsideDown UIInterfaceOrientationLandscapeLeft UIInterfaceOrientationLandscapeRight";
				INFOPLIST_KEY_UISupportedInterfaceOrientations_iPhone = "UIInterfaceOrientationPortrait UIInterfaceOrientationLandscapeLeft UIInterfaceOrientationLandscapeRight";
				LD_RUNPATH_SEARCH_PATHS = (
					"$(inherited)",
					"@executable_path/Frameworks",
				);
				MARKETING_VERSION = 1.0;
				PRODUCT_BUNDLE_IDENTIFIER = vladShima.LiveActivity;
				PRODUCT_NAME = "$(TARGET_NAME)";
				SWIFT_EMIT_LOC_STRINGS = YES;
				SWIFT_VERSION = 5.0;
				TARGETED_DEVICE_FAMILY = "1,2";
			};
			name = Release;
		};
		B23EED4D2944F9DC00F25C7B /* Debug */ = {
			isa = XCBuildConfiguration;
			buildSettings = {
				ASSETCATALOG_COMPILER_GLOBAL_ACCENT_COLOR_NAME = AccentColor;
				ASSETCATALOG_COMPILER_WIDGET_BACKGROUND_COLOR_NAME = WidgetBackground;
				CODE_SIGN_STYLE = Automatic;
				CURRENT_PROJECT_VERSION = 1;
				DEVELOPMENT_TEAM = LUQ926BAHR;
				GENERATE_INFOPLIST_FILE = YES;
				INFOPLIST_FILE = OrderStatus/Info.plist;
				INFOPLIST_KEY_CFBundleDisplayName = OrderStatus;
				INFOPLIST_KEY_NSHumanReadableCopyright = "";
				LD_RUNPATH_SEARCH_PATHS = (
					"$(inherited)",
					"@executable_path/Frameworks",
					"@executable_path/../../Frameworks",
				);
				MARKETING_VERSION = 1.0;
				PRODUCT_BUNDLE_IDENTIFIER = vladShima.LiveActivity.OrderStatus;
				PRODUCT_NAME = "$(TARGET_NAME)";
				SKIP_INSTALL = YES;
				SWIFT_EMIT_LOC_STRINGS = YES;
				SWIFT_VERSION = 5.0;
				TARGETED_DEVICE_FAMILY = "1,2";
			};
			name = Debug;
		};
		B23EED4E2944F9DC00F25C7B /* Release */ = {
			isa = XCBuildConfiguration;
			buildSettings = {
				ASSETCATALOG_COMPILER_GLOBAL_ACCENT_COLOR_NAME = AccentColor;
				ASSETCATALOG_COMPILER_WIDGET_BACKGROUND_COLOR_NAME = WidgetBackground;
				CODE_SIGN_STYLE = Automatic;
				CURRENT_PROJECT_VERSION = 1;
				DEVELOPMENT_TEAM = LUQ926BAHR;
				GENERATE_INFOPLIST_FILE = YES;
				INFOPLIST_FILE = OrderStatus/Info.plist;
				INFOPLIST_KEY_CFBundleDisplayName = OrderStatus;
				INFOPLIST_KEY_NSHumanReadableCopyright = "";
				LD_RUNPATH_SEARCH_PATHS = (
					"$(inherited)",
					"@executable_path/Frameworks",
					"@executable_path/../../Frameworks",
				);
				MARKETING_VERSION = 1.0;
				PRODUCT_BUNDLE_IDENTIFIER = vladShima.LiveActivity.OrderStatus;
				PRODUCT_NAME = "$(TARGET_NAME)";
				SKIP_INSTALL = YES;
				SWIFT_EMIT_LOC_STRINGS = YES;
				SWIFT_VERSION = 5.0;
				TARGETED_DEVICE_FAMILY = "1,2";
			};
			name = Release;
		};
/* End XCBuildConfiguration section */

/* Begin XCConfigurationList section */
		B23EED1C2944F94E00F25C7B /* Build configuration list for PBXProject "LiveActivity" */ = {
			isa = XCConfigurationList;
			buildConfigurations = (
				B23EED2D2944F95000F25C7B /* Debug */,
				B23EED2E2944F95000F25C7B /* Release */,
			);
			defaultConfigurationIsVisible = 0;
			defaultConfigurationName = Release;
		};
		B23EED2F2944F95000F25C7B /* Build configuration list for PBXNativeTarget "LiveActivity" */ = {
			isa = XCConfigurationList;
			buildConfigurations = (
				B23EED302944F95000F25C7B /* Debug */,
				B23EED312944F95000F25C7B /* Release */,
			);
			defaultConfigurationIsVisible = 0;
			defaultConfigurationName = Release;
		};
		B23EED4C2944F9DC00F25C7B /* Build configuration list for PBXNativeTarget "OrderStatusExtension" */ = {
			isa = XCConfigurationList;
			buildConfigurations = (
				B23EED4D2944F9DC00F25C7B /* Debug */,
				B23EED4E2944F9DC00F25C7B /* Release */,
			);
			defaultConfigurationIsVisible = 0;
			defaultConfigurationName = Release;
		};
/* End XCConfigurationList section */
	};
	rootObject = B23EED192944F94E00F25C7B /* Project object */;
}
